// !$*UTF8*$!
{
	archiveVersion = 1;
	classes = {
	};
	objectVersion = 46;
	objects = {

/* Begin PBXBuildFile section */
		060EBF8514F96A64004B4264 /* MPCJSONDataSerializer.m in Sources */ = {isa = PBXBuildFile; fileRef = 060EBF7914F96A64004B4264 /* MPCJSONDataSerializer.m */; settings = {COMPILER_FLAGS = "-fno-objc-arc"; }; };
		060EBF8614F96A64004B4264 /* MPCJSONSerializer.m in Sources */ = {isa = PBXBuildFile; fileRef = 060EBF7B14F96A64004B4264 /* MPCJSONSerializer.m */; settings = {COMPILER_FLAGS = "-fno-objc-arc"; }; };
		060EBF8714F96A64004B4264 /* MPCSerializedJSONData.m in Sources */ = {isa = PBXBuildFile; fileRef = 060EBF7D14F96A64004B4264 /* MPCSerializedJSONData.m */; settings = {COMPILER_FLAGS = "-fno-objc-arc"; }; };
		060EBF8814F96A64004B4264 /* NSData+MPBase64.m in Sources */ = {isa = PBXBuildFile; fileRef = 060EBF8014F96A64004B4264 /* NSData+MPBase64.m */; settings = {COMPILER_FLAGS = "-fno-objc-arc"; }; };
		060EBF8914F96A64004B4264 /* MixpanelAPI.m in Sources */ = {isa = PBXBuildFile; fileRef = 060EBF8214F96A64004B4264 /* MixpanelAPI.m */; settings = {COMPILER_FLAGS = "-fno-objc-arc"; }; };
		060EBF8A14F96A64004B4264 /* MixpanelEvent.m in Sources */ = {isa = PBXBuildFile; fileRef = 060EBF8414F96A64004B4264 /* MixpanelEvent.m */; settings = {COMPILER_FLAGS = "-fno-objc-arc"; }; };
		06291B7A14F3659D000BB1D9 /* OptionsVc.m in Sources */ = {isa = PBXBuildFile; fileRef = 06291B7914F3659D000BB1D9 /* OptionsVc.m */; };
		064720AF154916A600C1EDC0 /* allcontacts.json in Resources */ = {isa = PBXBuildFile; fileRef = 064720AD154916A600C1EDC0 /* allcontacts.json */; };
		064720B0154916A600C1EDC0 /* allevents.json in Resources */ = {isa = PBXBuildFile; fileRef = 064720AE154916A600C1EDC0 /* allevents.json */; };
		064BD02B15047CDF00124A69 /* CoreData.framework in Frameworks */ = {isa = PBXBuildFile; fileRef = 064BD02A15047CDF00124A69 /* CoreData.framework */; };
		0653A2BC15008D06008CB1F1 /* icon.5@2.png in Resources */ = {isa = PBXBuildFile; fileRef = 0653A2BA15008D05008CB1F1 /* icon.5@2.png */; };
		0653A2BD15008D06008CB1F1 /* icon.5.png in Resources */ = {isa = PBXBuildFile; fileRef = 0653A2BB15008D05008CB1F1 /* icon.5.png */; };
		0653A2C015008E66008CB1F1 /* icon.6@2.png in Resources */ = {isa = PBXBuildFile; fileRef = 0653A2BE15008E65008CB1F1 /* icon.6@2.png */; };
		0653A2C115008E66008CB1F1 /* icon.6.png in Resources */ = {isa = PBXBuildFile; fileRef = 0653A2BF15008E66008CB1F1 /* icon.6.png */; };
		06577D4614F0AC1200EA6180 /* 112-group.png in Resources */ = {isa = PBXBuildFile; fileRef = 06577D4114F0AC1200EA6180 /* 112-group.png */; };
		06577D4814F0AC1200EA6180 /* 20-gear.png in Resources */ = {isa = PBXBuildFile; fileRef = 06577D4314F0AC1200EA6180 /* 20-gear.png */; };
		06577D4D14F0B60D00EA6180 /* TemplateTableVc.m in Sources */ = {isa = PBXBuildFile; fileRef = 06577D4C14F0B60D00EA6180 /* TemplateTableVc.m */; };
		06577D5114F0C08900EA6180 /* SimpleRequester.m in Sources */ = {isa = PBXBuildFile; fileRef = 06577D5014F0C08900EA6180 /* SimpleRequester.m */; };
		066125A814F775E300A3C44D /* 18_envelope.png in Resources */ = {isa = PBXBuildFile; fileRef = 066125A614F775E300A3C44D /* 18_envelope.png */; };
		066125A914F775E300A3C44D /* 18_envelope@2x.png in Resources */ = {isa = PBXBuildFile; fileRef = 066125A714F775E300A3C44D /* 18_envelope@2x.png */; };
		066125AC14F7763E00A3C44D /* 18_envelope_white.png in Resources */ = {isa = PBXBuildFile; fileRef = 066125AA14F7763E00A3C44D /* 18_envelope_white.png */; };
		066125AF14F777EB00A3C44D /* 18_envelope_white@2x.png in Resources */ = {isa = PBXBuildFile; fileRef = 066125AE14F777EB00A3C44D /* 18_envelope_white@2x.png */; };
		06658E9A1546607E003CD3D1 /* EventAttendeesVc.m in Sources */ = {isa = PBXBuildFile; fileRef = 06658E991546607E003CD3D1 /* EventAttendeesVc.m */; };
		0669E774150C765300595016 /* ModelGroupUserEntry.m in Sources */ = {isa = PBXBuildFile; fileRef = 0669E773150C765300595016 /* ModelGroupUserEntry.m */; };
		0669E777150C768700595016 /* ModelFbUser.m in Sources */ = {isa = PBXBuildFile; fileRef = 0669E776150C768700595016 /* ModelFbUser.m */; };
		0669E77A150C76D400595016 /* ModelGroup.m in Sources */ = {isa = PBXBuildFile; fileRef = 0669E779150C76D300595016 /* ModelGroup.m */; };
		0669E77D150C93FF00595016 /* ModelAbkContactMatch.m in Sources */ = {isa = PBXBuildFile; fileRef = 0669E77C150C93FF00595016 /* ModelAbkContactMatch.m */; };
		067466B614FA0A0200A5119C /* Constants.m in Sources */ = {isa = PBXBuildFile; fileRef = 067466B514FA0A0200A5119C /* Constants.m */; };
		067466B914FA23F200A5119C /* 184-warning.png in Resources */ = {isa = PBXBuildFile; fileRef = 067466B714FA23F200A5119C /* 184-warning.png */; };
		067466BA14FA23F200A5119C /* 184-warning@2x.png in Resources */ = {isa = PBXBuildFile; fileRef = 067466B814FA23F200A5119C /* 184-warning@2x.png */; };
		067466BD14FA242500A5119C /* 286-speechbubble.png in Resources */ = {isa = PBXBuildFile; fileRef = 067466BB14FA242500A5119C /* 286-speechbubble.png */; };
		067466BE14FA242500A5119C /* 286-speechbubble@2x.png in Resources */ = {isa = PBXBuildFile; fileRef = 067466BC14FA242500A5119C /* 286-speechbubble@2x.png */; };
		067466C114FA247400A5119C /* 286-speechbubble-white.png in Resources */ = {isa = PBXBuildFile; fileRef = 067466BF14FA247400A5119C /* 286-speechbubble-white.png */; };
		067466C214FA247400A5119C /* 286-speechbubble-white@2x.png in Resources */ = {isa = PBXBuildFile; fileRef = 067466C014FA247400A5119C /* 286-speechbubble-white@2x.png */; };
		06788E6C14E770AD007C5BE4 /* UIKit.framework in Frameworks */ = {isa = PBXBuildFile; fileRef = 06788E6B14E770AD007C5BE4 /* UIKit.framework */; };
		06788E6E14E770AD007C5BE4 /* Foundation.framework in Frameworks */ = {isa = PBXBuildFile; fileRef = 06788E6D14E770AD007C5BE4 /* Foundation.framework */; };
		06788E7014E770AD007C5BE4 /* CoreGraphics.framework in Frameworks */ = {isa = PBXBuildFile; fileRef = 06788E6F14E770AD007C5BE4 /* CoreGraphics.framework */; };
		06788E7614E770AD007C5BE4 /* InfoPlist.strings in Resources */ = {isa = PBXBuildFile; fileRef = 06788E7414E770AD007C5BE4 /* InfoPlist.strings */; };
		06788E7814E770AD007C5BE4 /* main.m in Sources */ = {isa = PBXBuildFile; fileRef = 06788E7714E770AD007C5BE4 /* main.m */; };
		06788E7C14E770AD007C5BE4 /* PspctAppDelegate.m in Sources */ = {isa = PBXBuildFile; fileRef = 06788E7B14E770AD007C5BE4 /* PspctAppDelegate.m */; };
		06788E7F14E770AD007C5BE4 /* MainStoryboard_iPhone.storyboard in Resources */ = {isa = PBXBuildFile; fileRef = 06788E7D14E770AD007C5BE4 /* MainStoryboard_iPhone.storyboard */; };
		06788E8214E770AD007C5BE4 /* MainStoryboard_iPad.storyboard in Resources */ = {isa = PBXBuildFile; fileRef = 06788E8014E770AD007C5BE4 /* MainStoryboard_iPad.storyboard */; };
		06788E8C14E770AD007C5BE4 /* PspctSecondViewController.m in Sources */ = {isa = PBXBuildFile; fileRef = 06788E8B14E770AD007C5BE4 /* PspctSecondViewController.m */; };
		06788E9814E770AD007C5BE4 /* SenTestingKit.framework in Frameworks */ = {isa = PBXBuildFile; fileRef = 06788E9714E770AD007C5BE4 /* SenTestingKit.framework */; };
		06788E9914E770AD007C5BE4 /* UIKit.framework in Frameworks */ = {isa = PBXBuildFile; fileRef = 06788E6B14E770AD007C5BE4 /* UIKit.framework */; };
		06788E9A14E770AD007C5BE4 /* Foundation.framework in Frameworks */ = {isa = PBXBuildFile; fileRef = 06788E6D14E770AD007C5BE4 /* Foundation.framework */; };
		06788EA214E770AD007C5BE4 /* InfoPlist.strings in Resources */ = {isa = PBXBuildFile; fileRef = 06788EA014E770AD007C5BE4 /* InfoPlist.strings */; };
		06788EA514E770AD007C5BE4 /* pspctTests.m in Sources */ = {isa = PBXBuildFile; fileRef = 06788EA414E770AD007C5BE4 /* pspctTests.m */; };
		06788ED114E77186007C5BE4 /* Facebook.m in Sources */ = {isa = PBXBuildFile; fileRef = 06788EB614E77186007C5BE4 /* Facebook.m */; settings = {COMPILER_FLAGS = "-fno-objc-arc"; }; };
		06788ED214E77186007C5BE4 /* FBDialog.bundle in Resources */ = {isa = PBXBuildFile; fileRef = 06788EB914E77186007C5BE4 /* FBDialog.bundle */; };
		06788ED314E77186007C5BE4 /* FBDialog.m in Sources */ = {isa = PBXBuildFile; fileRef = 06788EBB14E77186007C5BE4 /* FBDialog.m */; settings = {COMPILER_FLAGS = "-fno-objc-arc"; }; };
		06788ED414E77186007C5BE4 /* FBLoginDialog.m in Sources */ = {isa = PBXBuildFile; fileRef = 06788EBD14E77186007C5BE4 /* FBLoginDialog.m */; settings = {COMPILER_FLAGS = "-fno-objc-arc"; }; };
		06788ED514E77186007C5BE4 /* FBRequest.m in Sources */ = {isa = PBXBuildFile; fileRef = 06788EBF14E77186007C5BE4 /* FBRequest.m */; settings = {COMPILER_FLAGS = "-fno-objc-arc"; }; };
		06788ED614E77186007C5BE4 /* NSObject+SBJSON.m in Sources */ = {isa = PBXBuildFile; fileRef = 06788EC314E77186007C5BE4 /* NSObject+SBJSON.m */; settings = {COMPILER_FLAGS = "-fno-objc-arc"; }; };
		06788ED714E77186007C5BE4 /* NSString+SBJSON.m in Sources */ = {isa = PBXBuildFile; fileRef = 06788EC514E77186007C5BE4 /* NSString+SBJSON.m */; settings = {COMPILER_FLAGS = "-fno-objc-arc"; }; };
		06788ED814E77186007C5BE4 /* SBJSON.m in Sources */ = {isa = PBXBuildFile; fileRef = 06788EC714E77186007C5BE4 /* SBJSON.m */; settings = {COMPILER_FLAGS = "-fno-objc-arc"; }; };
		06788ED914E77186007C5BE4 /* SBJsonBase.m in Sources */ = {isa = PBXBuildFile; fileRef = 06788EC914E77186007C5BE4 /* SBJsonBase.m */; settings = {COMPILER_FLAGS = "-fno-objc-arc"; }; };
		06788EDA14E77186007C5BE4 /* SBJsonParser.m in Sources */ = {isa = PBXBuildFile; fileRef = 06788ECB14E77186007C5BE4 /* SBJsonParser.m */; settings = {COMPILER_FLAGS = "-fno-objc-arc"; }; };
		06788EDB14E77186007C5BE4 /* SBJsonWriter.m in Sources */ = {isa = PBXBuildFile; fileRef = 06788ECD14E77186007C5BE4 /* SBJsonWriter.m */; settings = {COMPILER_FLAGS = "-fno-objc-arc"; }; };
		068AC37B150086E900511CBA /* icon.3@2.png in Resources */ = {isa = PBXBuildFile; fileRef = 068AC379150086E900511CBA /* icon.3@2.png */; };
		068AC37C150086E900511CBA /* icon.3.png in Resources */ = {isa = PBXBuildFile; fileRef = 068AC37A150086E900511CBA /* icon.3.png */; };
		068AC37F1500890C00511CBA /* icon.2@2.png in Resources */ = {isa = PBXBuildFile; fileRef = 068AC37D1500890C00511CBA /* icon.2@2.png */; };
		068AC3801500890C00511CBA /* icon.2.png in Resources */ = {isa = PBXBuildFile; fileRef = 068AC37E1500890C00511CBA /* icon.2.png */; };
		068CC6A214F8CBAE0063BFC9 /* AbContact.m in Sources */ = {isa = PBXBuildFile; fileRef = 068CC6A114F8CBAE0063BFC9 /* AbContact.m */; };
		06981694150B39D1002A3BA4 /* Model.xcdatamodeld in Sources */ = {isa = PBXBuildFile; fileRef = 06981691150B39D1002A3BA4 /* Model.xcdatamodeld */; };
		069816A9150B3EC3002A3BA4 /* NSString+StringExtras.m in Sources */ = {isa = PBXBuildFile; fileRef = 069816A8150B3EC3002A3BA4 /* NSString+StringExtras.m */; };
		069816C1150B40BB002A3BA4 /* ModelFbGroup.m in Sources */ = {isa = PBXBuildFile; fileRef = 069816C0150B40BB002A3BA4 /* ModelFbGroup.m */; };
		069816C4150B40BB002A3BA4 /* ModelFbList.m in Sources */ = {isa = PBXBuildFile; fileRef = 069816C3150B40BB002A3BA4 /* ModelFbList.m */; };
		069816CA150B40BB002A3BA4 /* ModelTemplate.m in Sources */ = {isa = PBXBuildFile; fileRef = 069816C9150B40BB002A3BA4 /* ModelTemplate.m */; };
		06A4C8DA1554C8FE00231351 /* Clouds-320x367.png in Resources */ = {isa = PBXBuildFile; fileRef = 06A4C8D51554C8FE00231351 /* Clouds-320x367.png */; };
		06A4C8DB1554C8FE00231351 /* bgClouds.png in Resources */ = {isa = PBXBuildFile; fileRef = 06A4C8D61554C8FE00231351 /* bgClouds.png */; };
		06A4C8DC1554C8FE00231351 /* Clouds-640x734.png in Resources */ = {isa = PBXBuildFile; fileRef = 06A4C8D71554C8FE00231351 /* Clouds-640x734.png */; };
		06A4C8DD1554C8FE00231351 /* Clouds-640x867.png in Resources */ = {isa = PBXBuildFile; fileRef = 06A4C8D81554C8FE00231351 /* Clouds-640x867.png */; };
		06A4C8DE1554C8FE00231351 /* bgClouds@2.png in Resources */ = {isa = PBXBuildFile; fileRef = 06A4C8D91554C8FE00231351 /* bgClouds@2.png */; };
		06A4C8E11554EE4100231351 /* EventTableCell.m in Sources */ = {isa = PBXBuildFile; fileRef = 06A4C8E01554EE4100231351 /* EventTableCell.m */; };
		06A4C8E515551BCA00231351 /* EventNavigationItem.m in Sources */ = {isa = PBXBuildFile; fileRef = 06A4C8E415551BC900231351 /* EventNavigationItem.m */; };
		06A7E6DC1504316800CD5957 /* PspctTabBarController.m in Sources */ = {isa = PBXBuildFile; fileRef = 06A7E6DB1504316800CD5957 /* PspctTabBarController.m */; };
		06A7E76E1504353700CD5957 /* IntroVc.m in Sources */ = {isa = PBXBuildFile; fileRef = 06A7E76C1504353700CD5957 /* IntroVc.m */; };
		06A7E76F1504353700CD5957 /* IntroVc.xib in Resources */ = {isa = PBXBuildFile; fileRef = 06A7E76D1504353700CD5957 /* IntroVc.xib */; };
		06B2AE6F154BD70900B36D7F /* ContactSearcher.m in Sources */ = {isa = PBXBuildFile; fileRef = 06B2AE6E154BD70900B36D7F /* ContactSearcher.m */; };
		06B2AE72154BD9ED00B36D7F /* ContactProviderLocal.m in Sources */ = {isa = PBXBuildFile; fileRef = 06B2AE71154BD9ED00B36D7F /* ContactProviderLocal.m */; };
		06B2AE75154BDE3900B36D7F /* unique_event_attendees.json in Resources */ = {isa = PBXBuildFile; fileRef = 06B2AE74154BDE3900B36D7F /* unique_event_attendees.json */; };
		06B2AE7B154E3FFE00B36D7F /* eventprocessor.py in Resources */ = {isa = PBXBuildFile; fileRef = 06B2AE76154E3FFE00B36D7F /* eventprocessor.py */; };
		06B2AE7C154E3FFE00B36D7F /* eventtitles.keyed.json in Resources */ = {isa = PBXBuildFile; fileRef = 06B2AE77154E3FFE00B36D7F /* eventtitles.keyed.json */; };
		06B2AE7D154E3FFE00B36D7F /* eventtitles.keyed.pretty in Resources */ = {isa = PBXBuildFile; fileRef = 06B2AE78154E3FFE00B36D7F /* eventtitles.keyed.pretty */; };
		06B2AE7E154E3FFE00B36D7F /* unique_event_attendees.keyed.json in Resources */ = {isa = PBXBuildFile; fileRef = 06B2AE79154E3FFE00B36D7F /* unique_event_attendees.keyed.json */; };
		06B2AE7F154E3FFE00B36D7F /* unique_event_attendees.keyed.pretty in Resources */ = {isa = PBXBuildFile; fileRef = 06B2AE7A154E3FFE00B36D7F /* unique_event_attendees.keyed.pretty */; };
		06B2AE82154E532B00B36D7F /* FullNameParser.m in Sources */ = {isa = PBXBuildFile; fileRef = 06B2AE81154E532B00B36D7F /* FullNameParser.m */; };
		06B2AE85154E626C00B36D7F /* ContactTextParser.m in Sources */ = {isa = PBXBuildFile; fileRef = 06B2AE84154E626C00B36D7F /* ContactTextParser.m */; };
		06B2AE88154E651B00B36D7F /* ContactProvider.m in Sources */ = {isa = PBXBuildFile; fileRef = 06B2AE87154E651A00B36D7F /* ContactProvider.m */; };
		06C9622514E876FF0045F610 /* ContactProviderAb.m in Sources */ = {isa = PBXBuildFile; fileRef = 06C9622414E876FE0045F610 /* ContactProviderAb.m */; };
		06C9622714E877AB0045F610 /* AddressBook.framework in Frameworks */ = {isa = PBXBuildFile; fileRef = 06C9622614E877AB0045F610 /* AddressBook.framework */; };
		06C9622914E877B30045F610 /* AddressBookUI.framework in Frameworks */ = {isa = PBXBuildFile; fileRef = 06C9622814E877B30045F610 /* AddressBookUI.framework */; };
		06D0C0111543CD4300E7A0BB /* EventAccessor.m in Sources */ = {isa = PBXBuildFile; fileRef = 06D0C0101543CD4200E7A0BB /* EventAccessor.m */; };
		06D0C0131543CDB900E7A0BB /* EventKit.framework in Frameworks */ = {isa = PBXBuildFile; fileRef = 06D0C0121543CDB900E7A0BB /* EventKit.framework */; };
		06D0C0161543D33000E7A0BB /* Default@2x.png in Resources */ = {isa = PBXBuildFile; fileRef = 06D0C0141543D32F00E7A0BB /* Default@2x.png */; };
		06D0C0171543D33000E7A0BB /* Default.png in Resources */ = {isa = PBXBuildFile; fileRef = 06D0C0151543D33000E7A0BB /* Default.png */; };
		06D0C01A1543D5DD00E7A0BB /* icon.png in Resources */ = {isa = PBXBuildFile; fileRef = 06D0C0181543D5DD00E7A0BB /* icon.png */; };
		06D0C01B1543D5DD00E7A0BB /* icon@2.png in Resources */ = {isa = PBXBuildFile; fileRef = 06D0C0191543D5DD00E7A0BB /* icon@2.png */; };
		06D30E5614FAFB2200ED3254 /* Icon-small@2.png in Resources */ = {isa = PBXBuildFile; fileRef = 06D30E5314FAFB2200ED3254 /* Icon-small@2.png */; };
		06D30E5814FAFB2200ED3254 /* Icon-small.png in Resources */ = {isa = PBXBuildFile; fileRef = 06D30E5514FAFB2200ED3254 /* Icon-small.png */; };
		06D5E5C51558FE4D00AF9BE2 /* EventAttendeeSliderCell.m in Sources */ = {isa = PBXBuildFile; fileRef = 06D5E5C41558FE4D00AF9BE2 /* EventAttendeeSliderCell.m */; };
		06EA767B1500924100A98687 /* icon.1.png in Resources */ = {isa = PBXBuildFile; fileRef = 06EA767A1500924100A98687 /* icon.1.png */; };
		06EA767D1500925400A98687 /* icon.1.@2.png in Resources */ = {isa = PBXBuildFile; fileRef = 06EA767C1500925400A98687 /* icon.1.@2.png */; };
		06EBAA5A14FAFF1100D2C78B /* iTunesArtwork in Resources */ = {isa = PBXBuildFile; fileRef = 06EBAA5914FAFF1000D2C78B /* iTunesArtwork */; };
		06ED3A6014F779AB0078C900 /* 112-group@2x.png in Resources */ = {isa = PBXBuildFile; fileRef = 06ED3A5F14F779AB0078C900 /* 112-group@2x.png */; };
		06ED3A6214F779BD0078C900 /* 20-gear@2x.png in Resources */ = {isa = PBXBuildFile; fileRef = 06ED3A6114F779BD0078C900 /* 20-gear@2x.png */; };
		06ED3A6714F78F100078C900 /* EventsVc.m in Sources */ = {isa = PBXBuildFile; fileRef = 06ED3A6614F78F100078C900 /* EventsVc.m */; };
		06ED3A6A14F79CDC0078C900 /* 83-calendar.png in Resources */ = {isa = PBXBuildFile; fileRef = 06ED3A6814F79CDC0078C900 /* 83-calendar.png */; };
		06ED3A6B14F79CDC0078C900 /* 83-calendar@2x.png in Resources */ = {isa = PBXBuildFile; fileRef = 06ED3A6914F79CDC0078C900 /* 83-calendar@2x.png */; };
		06F26F8514E77EED009121C1 /* GroupTableVc.m in Sources */ = {isa = PBXBuildFile; fileRef = 06F26F8414E77EED009121C1 /* GroupTableVc.m */; };
		06F26F8914E84B5C009121C1 /* FriendTableVc.m in Sources */ = {isa = PBXBuildFile; fileRef = 06F26F8814E84B5C009121C1 /* FriendTableVc.m */; };
		06F26F8B14E85956009121C1 /* MessageUI.framework in Frameworks */ = {isa = PBXBuildFile; fileRef = 06F26F8A14E85956009121C1 /* MessageUI.framework */; };
		06FE547314F975D500C67057 /* FbContact.m in Sources */ = {isa = PBXBuildFile; fileRef = 06FE547214F975D500C67057 /* FbContact.m */; };
/* End PBXBuildFile section */

/* Begin PBXContainerItemProxy section */
		06788E9B14E770AD007C5BE4 /* PBXContainerItemProxy */ = {
			isa = PBXContainerItemProxy;
			containerPortal = 06788E5E14E770AC007C5BE4 /* Project object */;
			proxyType = 1;
			remoteGlobalIDString = 06788E6614E770AD007C5BE4;
			remoteInfo = pspct;
		};
		06788EDD14E77186007C5BE4 /* PBXContainerItemProxy */ = {
			isa = PBXContainerItemProxy;
			containerPortal = 06788EB214E77186007C5BE4 /* facebook-ios-sdk.xcodeproj */;
			proxyType = 2;
			remoteGlobalIDString = D2AAC07E0554694100DB518D;
			remoteInfo = "facebook-ios-sdk";
		};
/* End PBXContainerItemProxy section */

/* Begin PBXFileReference section */
		060EBF7814F96A64004B4264 /* MPCJSONDataSerializer.h */ = {isa = PBXFileReference; fileEncoding = 4; lastKnownFileType = sourcecode.c.h; path = MPCJSONDataSerializer.h; sourceTree = "<group>"; };
		060EBF7914F96A64004B4264 /* MPCJSONDataSerializer.m */ = {isa = PBXFileReference; fileEncoding = 4; lastKnownFileType = sourcecode.c.objc; path = MPCJSONDataSerializer.m; sourceTree = "<group>"; };
		060EBF7A14F96A64004B4264 /* MPCJSONSerializer.h */ = {isa = PBXFileReference; fileEncoding = 4; lastKnownFileType = sourcecode.c.h; path = MPCJSONSerializer.h; sourceTree = "<group>"; };
		060EBF7B14F96A64004B4264 /* MPCJSONSerializer.m */ = {isa = PBXFileReference; fileEncoding = 4; lastKnownFileType = sourcecode.c.objc; path = MPCJSONSerializer.m; sourceTree = "<group>"; };
		060EBF7C14F96A64004B4264 /* MPCSerializedJSONData.h */ = {isa = PBXFileReference; fileEncoding = 4; lastKnownFileType = sourcecode.c.h; path = MPCSerializedJSONData.h; sourceTree = "<group>"; };
		060EBF7D14F96A64004B4264 /* MPCSerializedJSONData.m */ = {isa = PBXFileReference; fileEncoding = 4; lastKnownFileType = sourcecode.c.objc; path = MPCSerializedJSONData.m; sourceTree = "<group>"; };
		060EBF7F14F96A64004B4264 /* NSData+MPBase64.h */ = {isa = PBXFileReference; fileEncoding = 4; lastKnownFileType = sourcecode.c.h; path = "NSData+MPBase64.h"; sourceTree = "<group>"; };
		060EBF8014F96A64004B4264 /* NSData+MPBase64.m */ = {isa = PBXFileReference; fileEncoding = 4; lastKnownFileType = sourcecode.c.objc; path = "NSData+MPBase64.m"; sourceTree = "<group>"; };
		060EBF8114F96A64004B4264 /* MixpanelAPI.h */ = {isa = PBXFileReference; fileEncoding = 4; lastKnownFileType = sourcecode.c.h; path = MixpanelAPI.h; sourceTree = "<group>"; };
		060EBF8214F96A64004B4264 /* MixpanelAPI.m */ = {isa = PBXFileReference; fileEncoding = 4; lastKnownFileType = sourcecode.c.objc; path = MixpanelAPI.m; sourceTree = "<group>"; };
		060EBF8314F96A64004B4264 /* MixpanelEvent.h */ = {isa = PBXFileReference; fileEncoding = 4; lastKnownFileType = sourcecode.c.h; path = MixpanelEvent.h; sourceTree = "<group>"; };
		060EBF8414F96A64004B4264 /* MixpanelEvent.m */ = {isa = PBXFileReference; fileEncoding = 4; lastKnownFileType = sourcecode.c.objc; path = MixpanelEvent.m; sourceTree = "<group>"; };
		06291B7814F3659D000BB1D9 /* OptionsVc.h */ = {isa = PBXFileReference; fileEncoding = 4; lastKnownFileType = sourcecode.c.h; path = OptionsVc.h; sourceTree = "<group>"; };
		06291B7914F3659D000BB1D9 /* OptionsVc.m */ = {isa = PBXFileReference; fileEncoding = 4; lastKnownFileType = sourcecode.c.objc; path = OptionsVc.m; sourceTree = "<group>"; };
		064720AD154916A600C1EDC0 /* allcontacts.json */ = {isa = PBXFileReference; fileEncoding = 4; lastKnownFileType = text.json; name = allcontacts.json; path = pspctTests/allcontacts.json; sourceTree = SOURCE_ROOT; };
		064720AE154916A600C1EDC0 /* allevents.json */ = {isa = PBXFileReference; fileEncoding = 4; lastKnownFileType = text.json; path = allevents.json; sourceTree = "<group>"; };
		064BD02A15047CDF00124A69 /* CoreData.framework */ = {isa = PBXFileReference; lastKnownFileType = wrapper.framework; name = CoreData.framework; path = System/Library/Frameworks/CoreData.framework; sourceTree = SDKROOT; };
		0653A2BA15008D05008CB1F1 /* icon.5@2.png */ = {isa = PBXFileReference; lastKnownFileType = image.png; path = "icon.5@2.png"; sourceTree = "<group>"; };
		0653A2BB15008D05008CB1F1 /* icon.5.png */ = {isa = PBXFileReference; lastKnownFileType = image.png; path = icon.5.png; sourceTree = "<group>"; };
		0653A2BE15008E65008CB1F1 /* icon.6@2.png */ = {isa = PBXFileReference; lastKnownFileType = image.png; path = "icon.6@2.png"; sourceTree = "<group>"; };
		0653A2BF15008E66008CB1F1 /* icon.6.png */ = {isa = PBXFileReference; lastKnownFileType = image.png; path = icon.6.png; sourceTree = "<group>"; };
		06577D4114F0AC1200EA6180 /* 112-group.png */ = {isa = PBXFileReference; lastKnownFileType = image.png; path = "112-group.png"; sourceTree = "<group>"; };
		06577D4314F0AC1200EA6180 /* 20-gear.png */ = {isa = PBXFileReference; lastKnownFileType = image.png; path = "20-gear.png"; sourceTree = "<group>"; };
		06577D4B14F0B60D00EA6180 /* TemplateTableVc.h */ = {isa = PBXFileReference; fileEncoding = 4; lastKnownFileType = sourcecode.c.h; path = TemplateTableVc.h; sourceTree = "<group>"; };
		06577D4C14F0B60D00EA6180 /* TemplateTableVc.m */ = {isa = PBXFileReference; fileEncoding = 4; lastKnownFileType = sourcecode.c.objc; path = TemplateTableVc.m; sourceTree = "<group>"; };
		06577D4F14F0C08900EA6180 /* SimpleRequester.h */ = {isa = PBXFileReference; fileEncoding = 4; lastKnownFileType = sourcecode.c.h; path = SimpleRequester.h; sourceTree = "<group>"; };
		06577D5014F0C08900EA6180 /* SimpleRequester.m */ = {isa = PBXFileReference; fileEncoding = 4; lastKnownFileType = sourcecode.c.objc; path = SimpleRequester.m; sourceTree = "<group>"; };
		066125A614F775E300A3C44D /* 18_envelope.png */ = {isa = PBXFileReference; lastKnownFileType = image.png; path = 18_envelope.png; sourceTree = "<group>"; };
		066125A714F775E300A3C44D /* 18_envelope@2x.png */ = {isa = PBXFileReference; lastKnownFileType = image.png; path = "18_envelope@2x.png"; sourceTree = "<group>"; };
		066125AA14F7763E00A3C44D /* 18_envelope_white.png */ = {isa = PBXFileReference; lastKnownFileType = image.png; path = 18_envelope_white.png; sourceTree = "<group>"; };
		066125AE14F777EB00A3C44D /* 18_envelope_white@2x.png */ = {isa = PBXFileReference; lastKnownFileType = image.png; path = "18_envelope_white@2x.png"; sourceTree = "<group>"; };
		06658E981546607E003CD3D1 /* EventAttendeesVc.h */ = {isa = PBXFileReference; fileEncoding = 4; lastKnownFileType = sourcecode.c.h; path = EventAttendeesVc.h; sourceTree = "<group>"; };
		06658E991546607E003CD3D1 /* EventAttendeesVc.m */ = {isa = PBXFileReference; fileEncoding = 4; lastKnownFileType = sourcecode.c.objc; path = EventAttendeesVc.m; sourceTree = "<group>"; };
		0669E772150C765300595016 /* ModelGroupUserEntry.h */ = {isa = PBXFileReference; fileEncoding = 4; lastKnownFileType = sourcecode.c.h; path = ModelGroupUserEntry.h; sourceTree = "<group>"; };
		0669E773150C765300595016 /* ModelGroupUserEntry.m */ = {isa = PBXFileReference; fileEncoding = 4; lastKnownFileType = sourcecode.c.objc; path = ModelGroupUserEntry.m; sourceTree = "<group>"; };
		0669E775150C768700595016 /* ModelFbUser.h */ = {isa = PBXFileReference; fileEncoding = 4; lastKnownFileType = sourcecode.c.h; path = ModelFbUser.h; sourceTree = "<group>"; };
		0669E776150C768700595016 /* ModelFbUser.m */ = {isa = PBXFileReference; fileEncoding = 4; lastKnownFileType = sourcecode.c.objc; path = ModelFbUser.m; sourceTree = "<group>"; };
		0669E778150C76D300595016 /* ModelGroup.h */ = {isa = PBXFileReference; fileEncoding = 4; lastKnownFileType = sourcecode.c.h; path = ModelGroup.h; sourceTree = "<group>"; };
		0669E779150C76D300595016 /* ModelGroup.m */ = {isa = PBXFileReference; fileEncoding = 4; lastKnownFileType = sourcecode.c.objc; path = ModelGroup.m; sourceTree = "<group>"; };
		0669E77B150C93FF00595016 /* ModelAbkContactMatch.h */ = {isa = PBXFileReference; fileEncoding = 4; lastKnownFileType = sourcecode.c.h; path = ModelAbkContactMatch.h; sourceTree = "<group>"; };
		0669E77C150C93FF00595016 /* ModelAbkContactMatch.m */ = {isa = PBXFileReference; fileEncoding = 4; lastKnownFileType = sourcecode.c.objc; path = ModelAbkContactMatch.m; sourceTree = "<group>"; };
		067466B414FA0A0200A5119C /* Constants.h */ = {isa = PBXFileReference; fileEncoding = 4; lastKnownFileType = sourcecode.c.h; path = Constants.h; sourceTree = "<group>"; };
		067466B514FA0A0200A5119C /* Constants.m */ = {isa = PBXFileReference; fileEncoding = 4; lastKnownFileType = sourcecode.c.objc; path = Constants.m; sourceTree = "<group>"; };
		067466B714FA23F200A5119C /* 184-warning.png */ = {isa = PBXFileReference; lastKnownFileType = image.png; path = "184-warning.png"; sourceTree = "<group>"; };
		067466B814FA23F200A5119C /* 184-warning@2x.png */ = {isa = PBXFileReference; lastKnownFileType = image.png; path = "184-warning@2x.png"; sourceTree = "<group>"; };
		067466BB14FA242500A5119C /* 286-speechbubble.png */ = {isa = PBXFileReference; lastKnownFileType = image.png; path = "286-speechbubble.png"; sourceTree = "<group>"; };
		067466BC14FA242500A5119C /* 286-speechbubble@2x.png */ = {isa = PBXFileReference; lastKnownFileType = image.png; path = "286-speechbubble@2x.png"; sourceTree = "<group>"; };
		067466BF14FA247400A5119C /* 286-speechbubble-white.png */ = {isa = PBXFileReference; lastKnownFileType = image.png; path = "286-speechbubble-white.png"; sourceTree = "<group>"; };
		067466C014FA247400A5119C /* 286-speechbubble-white@2x.png */ = {isa = PBXFileReference; lastKnownFileType = image.png; path = "286-speechbubble-white@2x.png"; sourceTree = "<group>"; };
		06788E6714E770AD007C5BE4 /* On Time.app */ = {isa = PBXFileReference; explicitFileType = wrapper.application; includeInIndex = 0; path = "On Time.app"; sourceTree = BUILT_PRODUCTS_DIR; };
		06788E6B14E770AD007C5BE4 /* UIKit.framework */ = {isa = PBXFileReference; lastKnownFileType = wrapper.framework; name = UIKit.framework; path = System/Library/Frameworks/UIKit.framework; sourceTree = SDKROOT; };
		06788E6D14E770AD007C5BE4 /* Foundation.framework */ = {isa = PBXFileReference; lastKnownFileType = wrapper.framework; name = Foundation.framework; path = System/Library/Frameworks/Foundation.framework; sourceTree = SDKROOT; };
		06788E6F14E770AD007C5BE4 /* CoreGraphics.framework */ = {isa = PBXFileReference; lastKnownFileType = wrapper.framework; name = CoreGraphics.framework; path = System/Library/Frameworks/CoreGraphics.framework; sourceTree = SDKROOT; };
		06788E7314E770AD007C5BE4 /* On Time-Info.plist */ = {isa = PBXFileReference; lastKnownFileType = text.plist.xml; path = "On Time-Info.plist"; sourceTree = "<group>"; };
		06788E7514E770AD007C5BE4 /* en */ = {isa = PBXFileReference; lastKnownFileType = text.plist.strings; name = en; path = en.lproj/InfoPlist.strings; sourceTree = "<group>"; };
		06788E7714E770AD007C5BE4 /* main.m */ = {isa = PBXFileReference; lastKnownFileType = sourcecode.c.objc; path = main.m; sourceTree = "<group>"; };
		06788E7914E770AD007C5BE4 /* On Time-Prefix.pch */ = {isa = PBXFileReference; lastKnownFileType = sourcecode.c.h; path = "On Time-Prefix.pch"; sourceTree = "<group>"; };
		06788E7A14E770AD007C5BE4 /* PspctAppDelegate.h */ = {isa = PBXFileReference; lastKnownFileType = sourcecode.c.h; path = PspctAppDelegate.h; sourceTree = "<group>"; };
		06788E7B14E770AD007C5BE4 /* PspctAppDelegate.m */ = {isa = PBXFileReference; lastKnownFileType = sourcecode.c.objc; path = PspctAppDelegate.m; sourceTree = "<group>"; };
		06788E7E14E770AD007C5BE4 /* en */ = {isa = PBXFileReference; lastKnownFileType = file.storyboard; name = en; path = en.lproj/MainStoryboard_iPhone.storyboard; sourceTree = "<group>"; };
		06788E8114E770AD007C5BE4 /* en */ = {isa = PBXFileReference; lastKnownFileType = file.storyboard; name = en; path = en.lproj/MainStoryboard_iPad.storyboard; sourceTree = "<group>"; };
		06788E8A14E770AD007C5BE4 /* PspctSecondViewController.h */ = {isa = PBXFileReference; lastKnownFileType = sourcecode.c.h; path = PspctSecondViewController.h; sourceTree = "<group>"; };
		06788E8B14E770AD007C5BE4 /* PspctSecondViewController.m */ = {isa = PBXFileReference; lastKnownFileType = sourcecode.c.objc; path = PspctSecondViewController.m; sourceTree = "<group>"; };
		06788E9614E770AD007C5BE4 /* On TimeTests.octest */ = {isa = PBXFileReference; explicitFileType = wrapper.cfbundle; includeInIndex = 0; path = "On TimeTests.octest"; sourceTree = BUILT_PRODUCTS_DIR; };
		06788E9714E770AD007C5BE4 /* SenTestingKit.framework */ = {isa = PBXFileReference; lastKnownFileType = wrapper.framework; name = SenTestingKit.framework; path = Library/Frameworks/SenTestingKit.framework; sourceTree = DEVELOPER_DIR; };
		06788E9F14E770AD007C5BE4 /* On TimeTests-Info.plist */ = {isa = PBXFileReference; lastKnownFileType = text.plist.xml; path = "On TimeTests-Info.plist"; sourceTree = "<group>"; };
		06788EA114E770AD007C5BE4 /* en */ = {isa = PBXFileReference; lastKnownFileType = text.plist.strings; name = en; path = en.lproj/InfoPlist.strings; sourceTree = "<group>"; };
		06788EA314E770AD007C5BE4 /* pspctTests.h */ = {isa = PBXFileReference; lastKnownFileType = sourcecode.c.h; path = pspctTests.h; sourceTree = "<group>"; };
		06788EA414E770AD007C5BE4 /* pspctTests.m */ = {isa = PBXFileReference; lastKnownFileType = sourcecode.c.objc; path = pspctTests.m; sourceTree = "<group>"; };
		06788EB214E77186007C5BE4 /* facebook-ios-sdk.xcodeproj */ = {isa = PBXFileReference; lastKnownFileType = "wrapper.pb-project"; path = "facebook-ios-sdk.xcodeproj"; sourceTree = "<group>"; };
		06788EB514E77186007C5BE4 /* Facebook.h */ = {isa = PBXFileReference; fileEncoding = 4; lastKnownFileType = sourcecode.c.h; path = Facebook.h; sourceTree = "<group>"; };
		06788EB614E77186007C5BE4 /* Facebook.m */ = {isa = PBXFileReference; fileEncoding = 4; lastKnownFileType = sourcecode.c.objc; path = Facebook.m; sourceTree = "<group>"; };
		06788EB714E77186007C5BE4 /* facebook_ios_sdk_Prefix.pch */ = {isa = PBXFileReference; fileEncoding = 4; lastKnownFileType = sourcecode.c.h; path = facebook_ios_sdk_Prefix.pch; sourceTree = "<group>"; };
		06788EB814E77186007C5BE4 /* FBConnect.h */ = {isa = PBXFileReference; fileEncoding = 4; lastKnownFileType = sourcecode.c.h; path = FBConnect.h; sourceTree = "<group>"; };
		06788EB914E77186007C5BE4 /* FBDialog.bundle */ = {isa = PBXFileReference; lastKnownFileType = "wrapper.plug-in"; path = FBDialog.bundle; sourceTree = "<group>"; };
		06788EBA14E77186007C5BE4 /* FBDialog.h */ = {isa = PBXFileReference; fileEncoding = 4; lastKnownFileType = sourcecode.c.h; path = FBDialog.h; sourceTree = "<group>"; };
		06788EBB14E77186007C5BE4 /* FBDialog.m */ = {isa = PBXFileReference; fileEncoding = 4; lastKnownFileType = sourcecode.c.objc; path = FBDialog.m; sourceTree = "<group>"; };
		06788EBC14E77186007C5BE4 /* FBLoginDialog.h */ = {isa = PBXFileReference; fileEncoding = 4; lastKnownFileType = sourcecode.c.h; path = FBLoginDialog.h; sourceTree = "<group>"; };
		06788EBD14E77186007C5BE4 /* FBLoginDialog.m */ = {isa = PBXFileReference; fileEncoding = 4; lastKnownFileType = sourcecode.c.objc; path = FBLoginDialog.m; sourceTree = "<group>"; };
		06788EBE14E77186007C5BE4 /* FBRequest.h */ = {isa = PBXFileReference; fileEncoding = 4; lastKnownFileType = sourcecode.c.h; path = FBRequest.h; sourceTree = "<group>"; };
		06788EBF14E77186007C5BE4 /* FBRequest.m */ = {isa = PBXFileReference; fileEncoding = 4; lastKnownFileType = sourcecode.c.objc; path = FBRequest.m; sourceTree = "<group>"; };
		06788EC114E77186007C5BE4 /* JSON.h */ = {isa = PBXFileReference; fileEncoding = 4; lastKnownFileType = sourcecode.c.h; path = JSON.h; sourceTree = "<group>"; };
		06788EC214E77186007C5BE4 /* NSObject+SBJSON.h */ = {isa = PBXFileReference; fileEncoding = 4; lastKnownFileType = sourcecode.c.h; path = "NSObject+SBJSON.h"; sourceTree = "<group>"; };
		06788EC314E77186007C5BE4 /* NSObject+SBJSON.m */ = {isa = PBXFileReference; fileEncoding = 4; lastKnownFileType = sourcecode.c.objc; path = "NSObject+SBJSON.m"; sourceTree = "<group>"; };
		06788EC414E77186007C5BE4 /* NSString+SBJSON.h */ = {isa = PBXFileReference; fileEncoding = 4; lastKnownFileType = sourcecode.c.h; path = "NSString+SBJSON.h"; sourceTree = "<group>"; };
		06788EC514E77186007C5BE4 /* NSString+SBJSON.m */ = {isa = PBXFileReference; fileEncoding = 4; lastKnownFileType = sourcecode.c.objc; path = "NSString+SBJSON.m"; sourceTree = "<group>"; };
		06788EC614E77186007C5BE4 /* SBJSON.h */ = {isa = PBXFileReference; fileEncoding = 4; lastKnownFileType = sourcecode.c.h; path = SBJSON.h; sourceTree = "<group>"; };
		06788EC714E77186007C5BE4 /* SBJSON.m */ = {isa = PBXFileReference; fileEncoding = 4; lastKnownFileType = sourcecode.c.objc; path = SBJSON.m; sourceTree = "<group>"; };
		06788EC814E77186007C5BE4 /* SBJsonBase.h */ = {isa = PBXFileReference; fileEncoding = 4; lastKnownFileType = sourcecode.c.h; path = SBJsonBase.h; sourceTree = "<group>"; };
		06788EC914E77186007C5BE4 /* SBJsonBase.m */ = {isa = PBXFileReference; fileEncoding = 4; lastKnownFileType = sourcecode.c.objc; path = SBJsonBase.m; sourceTree = "<group>"; };
		06788ECA14E77186007C5BE4 /* SBJsonParser.h */ = {isa = PBXFileReference; fileEncoding = 4; lastKnownFileType = sourcecode.c.h; path = SBJsonParser.h; sourceTree = "<group>"; };
		06788ECB14E77186007C5BE4 /* SBJsonParser.m */ = {isa = PBXFileReference; fileEncoding = 4; lastKnownFileType = sourcecode.c.objc; path = SBJsonParser.m; sourceTree = "<group>"; };
		06788ECC14E77186007C5BE4 /* SBJsonWriter.h */ = {isa = PBXFileReference; fileEncoding = 4; lastKnownFileType = sourcecode.c.h; path = SBJsonWriter.h; sourceTree = "<group>"; };
		06788ECD14E77186007C5BE4 /* SBJsonWriter.m */ = {isa = PBXFileReference; fileEncoding = 4; lastKnownFileType = sourcecode.c.objc; path = SBJsonWriter.m; sourceTree = "<group>"; };
		068AC379150086E900511CBA /* icon.3@2.png */ = {isa = PBXFileReference; lastKnownFileType = image.png; path = "icon.3@2.png"; sourceTree = "<group>"; };
		068AC37A150086E900511CBA /* icon.3.png */ = {isa = PBXFileReference; lastKnownFileType = image.png; path = icon.3.png; sourceTree = "<group>"; };
		068AC37D1500890C00511CBA /* icon.2@2.png */ = {isa = PBXFileReference; lastKnownFileType = image.png; path = "icon.2@2.png"; sourceTree = "<group>"; };
		068AC37E1500890C00511CBA /* icon.2.png */ = {isa = PBXFileReference; lastKnownFileType = image.png; path = icon.2.png; sourceTree = "<group>"; };
		068CC6A014F8CBAE0063BFC9 /* AbContact.h */ = {isa = PBXFileReference; fileEncoding = 4; lastKnownFileType = sourcecode.c.h; path = AbContact.h; sourceTree = "<group>"; };
		068CC6A114F8CBAE0063BFC9 /* AbContact.m */ = {isa = PBXFileReference; fileEncoding = 4; lastKnownFileType = sourcecode.c.objc; path = AbContact.m; sourceTree = "<group>"; };
		06981692150B39D1002A3BA4 /* v1.xcdatamodel */ = {isa = PBXFileReference; lastKnownFileType = wrapper.xcdatamodel; path = v1.xcdatamodel; sourceTree = "<group>"; };
		06981693150B39D1002A3BA4 /* v2.xcdatamodel */ = {isa = PBXFileReference; lastKnownFileType = wrapper.xcdatamodel; path = v2.xcdatamodel; sourceTree = "<group>"; };
		069816A7150B3EC3002A3BA4 /* NSString+StringExtras.h */ = {isa = PBXFileReference; fileEncoding = 4; lastKnownFileType = sourcecode.c.h; path = "NSString+StringExtras.h"; sourceTree = "<group>"; };
		069816A8150B3EC3002A3BA4 /* NSString+StringExtras.m */ = {isa = PBXFileReference; fileEncoding = 4; lastKnownFileType = sourcecode.c.objc; path = "NSString+StringExtras.m"; sourceTree = "<group>"; };
		069816BF150B40BB002A3BA4 /* ModelFbGroup.h */ = {isa = PBXFileReference; fileEncoding = 4; lastKnownFileType = sourcecode.c.h; path = ModelFbGroup.h; sourceTree = "<group>"; };
		069816C0150B40BB002A3BA4 /* ModelFbGroup.m */ = {isa = PBXFileReference; fileEncoding = 4; lastKnownFileType = sourcecode.c.objc; path = ModelFbGroup.m; sourceTree = "<group>"; };
		069816C2150B40BB002A3BA4 /* ModelFbList.h */ = {isa = PBXFileReference; fileEncoding = 4; lastKnownFileType = sourcecode.c.h; path = ModelFbList.h; sourceTree = "<group>"; };
		069816C3150B40BB002A3BA4 /* ModelFbList.m */ = {isa = PBXFileReference; fileEncoding = 4; lastKnownFileType = sourcecode.c.objc; path = ModelFbList.m; sourceTree = "<group>"; };
		069816C8150B40BB002A3BA4 /* ModelTemplate.h */ = {isa = PBXFileReference; fileEncoding = 4; lastKnownFileType = sourcecode.c.h; path = ModelTemplate.h; sourceTree = "<group>"; };
		069816C9150B40BB002A3BA4 /* ModelTemplate.m */ = {isa = PBXFileReference; fileEncoding = 4; lastKnownFileType = sourcecode.c.objc; path = ModelTemplate.m; sourceTree = "<group>"; };
		06A4C8D51554C8FE00231351 /* Clouds-320x367.png */ = {isa = PBXFileReference; lastKnownFileType = image.png; path = "Clouds-320x367.png"; sourceTree = "<group>"; };
		06A4C8D61554C8FE00231351 /* bgClouds.png */ = {isa = PBXFileReference; lastKnownFileType = image.png; path = bgClouds.png; sourceTree = "<group>"; };
		06A4C8D71554C8FE00231351 /* Clouds-640x734.png */ = {isa = PBXFileReference; lastKnownFileType = image.png; path = "Clouds-640x734.png"; sourceTree = "<group>"; };
		06A4C8D81554C8FE00231351 /* Clouds-640x867.png */ = {isa = PBXFileReference; lastKnownFileType = image.png; path = "Clouds-640x867.png"; sourceTree = "<group>"; };
		06A4C8D91554C8FE00231351 /* bgClouds@2.png */ = {isa = PBXFileReference; lastKnownFileType = image.png; path = "bgClouds@2.png"; sourceTree = "<group>"; };
		06A4C8DF1554EE4100231351 /* EventTableCell.h */ = {isa = PBXFileReference; fileEncoding = 4; lastKnownFileType = sourcecode.c.h; path = EventTableCell.h; sourceTree = "<group>"; };
		06A4C8E01554EE4100231351 /* EventTableCell.m */ = {isa = PBXFileReference; fileEncoding = 4; lastKnownFileType = sourcecode.c.objc; path = EventTableCell.m; sourceTree = "<group>"; };
		06A4C8E315551BC900231351 /* EventNavigationItem.h */ = {isa = PBXFileReference; fileEncoding = 4; lastKnownFileType = sourcecode.c.h; path = EventNavigationItem.h; sourceTree = "<group>"; };
		06A4C8E415551BC900231351 /* EventNavigationItem.m */ = {isa = PBXFileReference; fileEncoding = 4; lastKnownFileType = sourcecode.c.objc; path = EventNavigationItem.m; sourceTree = "<group>"; };
		06A7E6DA1504316800CD5957 /* PspctTabBarController.h */ = {isa = PBXFileReference; fileEncoding = 4; lastKnownFileType = sourcecode.c.h; path = PspctTabBarController.h; sourceTree = "<group>"; };
		06A7E6DB1504316800CD5957 /* PspctTabBarController.m */ = {isa = PBXFileReference; fileEncoding = 4; lastKnownFileType = sourcecode.c.objc; path = PspctTabBarController.m; sourceTree = "<group>"; };
		06A7E76B1504353700CD5957 /* IntroVc.h */ = {isa = PBXFileReference; fileEncoding = 4; lastKnownFileType = sourcecode.c.h; path = IntroVc.h; sourceTree = "<group>"; };
		06A7E76C1504353700CD5957 /* IntroVc.m */ = {isa = PBXFileReference; fileEncoding = 4; lastKnownFileType = sourcecode.c.objc; path = IntroVc.m; sourceTree = "<group>"; };
		06A7E76D1504353700CD5957 /* IntroVc.xib */ = {isa = PBXFileReference; fileEncoding = 4; lastKnownFileType = file.xib; path = IntroVc.xib; sourceTree = "<group>"; };
		06B2AE6D154BD70900B36D7F /* ContactSearcher.h */ = {isa = PBXFileReference; fileEncoding = 4; lastKnownFileType = sourcecode.c.h; path = ContactSearcher.h; sourceTree = "<group>"; };
		06B2AE6E154BD70900B36D7F /* ContactSearcher.m */ = {isa = PBXFileReference; fileEncoding = 4; lastKnownFileType = sourcecode.c.objc; path = ContactSearcher.m; sourceTree = "<group>"; };
		06B2AE70154BD9ED00B36D7F /* ContactProviderLocal.h */ = {isa = PBXFileReference; fileEncoding = 4; lastKnownFileType = sourcecode.c.h; path = ContactProviderLocal.h; sourceTree = "<group>"; };
		06B2AE71154BD9ED00B36D7F /* ContactProviderLocal.m */ = {isa = PBXFileReference; fileEncoding = 4; lastKnownFileType = sourcecode.c.objc; path = ContactProviderLocal.m; sourceTree = "<group>"; };
		06B2AE74154BDE3900B36D7F /* unique_event_attendees.json */ = {isa = PBXFileReference; fileEncoding = 4; lastKnownFileType = text.json; path = unique_event_attendees.json; sourceTree = "<group>"; };
		06B2AE76154E3FFE00B36D7F /* eventprocessor.py */ = {isa = PBXFileReference; fileEncoding = 4; lastKnownFileType = text.script.python; path = eventprocessor.py; sourceTree = "<group>"; };
		06B2AE77154E3FFE00B36D7F /* eventtitles.keyed.json */ = {isa = PBXFileReference; fileEncoding = 4; lastKnownFileType = text.json; path = eventtitles.keyed.json; sourceTree = "<group>"; };
		06B2AE78154E3FFE00B36D7F /* eventtitles.keyed.pretty */ = {isa = PBXFileReference; fileEncoding = 4; lastKnownFileType = text; path = eventtitles.keyed.pretty; sourceTree = "<group>"; };
		06B2AE79154E3FFE00B36D7F /* unique_event_attendees.keyed.json */ = {isa = PBXFileReference; fileEncoding = 4; lastKnownFileType = text.json; path = unique_event_attendees.keyed.json; sourceTree = "<group>"; };
		06B2AE7A154E3FFE00B36D7F /* unique_event_attendees.keyed.pretty */ = {isa = PBXFileReference; fileEncoding = 4; lastKnownFileType = text; path = unique_event_attendees.keyed.pretty; sourceTree = "<group>"; };
		06B2AE80154E532B00B36D7F /* FullNameParser.h */ = {isa = PBXFileReference; fileEncoding = 4; lastKnownFileType = sourcecode.c.h; path = FullNameParser.h; sourceTree = "<group>"; };
		06B2AE81154E532B00B36D7F /* FullNameParser.m */ = {isa = PBXFileReference; fileEncoding = 4; lastKnownFileType = sourcecode.c.objc; path = FullNameParser.m; sourceTree = "<group>"; };
		06B2AE83154E626C00B36D7F /* ContactTextParser.h */ = {isa = PBXFileReference; fileEncoding = 4; lastKnownFileType = sourcecode.c.h; path = ContactTextParser.h; sourceTree = "<group>"; };
		06B2AE84154E626C00B36D7F /* ContactTextParser.m */ = {isa = PBXFileReference; fileEncoding = 4; lastKnownFileType = sourcecode.c.objc; path = ContactTextParser.m; sourceTree = "<group>"; };
		06B2AE86154E651A00B36D7F /* ContactProvider.h */ = {isa = PBXFileReference; fileEncoding = 4; lastKnownFileType = sourcecode.c.h; path = ContactProvider.h; sourceTree = "<group>"; };
		06B2AE87154E651A00B36D7F /* ContactProvider.m */ = {isa = PBXFileReference; fileEncoding = 4; lastKnownFileType = sourcecode.c.objc; path = ContactProvider.m; sourceTree = "<group>"; };
		06C9622314E876FE0045F610 /* ContactProviderAb.h */ = {isa = PBXFileReference; fileEncoding = 4; lastKnownFileType = sourcecode.c.h; path = ContactProviderAb.h; sourceTree = "<group>"; };
		06C9622414E876FE0045F610 /* ContactProviderAb.m */ = {isa = PBXFileReference; fileEncoding = 4; lastKnownFileType = sourcecode.c.objc; path = ContactProviderAb.m; sourceTree = "<group>"; };
		06C9622614E877AB0045F610 /* AddressBook.framework */ = {isa = PBXFileReference; lastKnownFileType = wrapper.framework; name = AddressBook.framework; path = System/Library/Frameworks/AddressBook.framework; sourceTree = SDKROOT; };
		06C9622814E877B30045F610 /* AddressBookUI.framework */ = {isa = PBXFileReference; lastKnownFileType = wrapper.framework; name = AddressBookUI.framework; path = System/Library/Frameworks/AddressBookUI.framework; sourceTree = SDKROOT; };
		06D0C00F1543CD4200E7A0BB /* EventAccessor.h */ = {isa = PBXFileReference; fileEncoding = 4; lastKnownFileType = sourcecode.c.h; path = EventAccessor.h; sourceTree = "<group>"; };
		06D0C0101543CD4200E7A0BB /* EventAccessor.m */ = {isa = PBXFileReference; fileEncoding = 4; lastKnownFileType = sourcecode.c.objc; path = EventAccessor.m; sourceTree = "<group>"; };
		06D0C0121543CDB900E7A0BB /* EventKit.framework */ = {isa = PBXFileReference; lastKnownFileType = wrapper.framework; name = EventKit.framework; path = System/Library/Frameworks/EventKit.framework; sourceTree = SDKROOT; };
		06D0C0141543D32F00E7A0BB /* Default@2x.png */ = {isa = PBXFileReference; lastKnownFileType = image.png; path = "Default@2x.png"; sourceTree = "<group>"; };
		06D0C0151543D33000E7A0BB /* Default.png */ = {isa = PBXFileReference; lastKnownFileType = image.png; path = Default.png; sourceTree = "<group>"; };
		06D0C0181543D5DD00E7A0BB /* icon.png */ = {isa = PBXFileReference; lastKnownFileType = image.png; path = icon.png; sourceTree = "<group>"; };
		06D0C0191543D5DD00E7A0BB /* icon@2.png */ = {isa = PBXFileReference; lastKnownFileType = image.png; path = "icon@2.png"; sourceTree = "<group>"; };
		06D30E5314FAFB2200ED3254 /* Icon-small@2.png */ = {isa = PBXFileReference; lastKnownFileType = image.png; path = "Icon-small@2.png"; sourceTree = "<group>"; };
		06D30E5514FAFB2200ED3254 /* Icon-small.png */ = {isa = PBXFileReference; lastKnownFileType = image.png; path = "Icon-small.png"; sourceTree = "<group>"; };
		06D5E5C31558FE4D00AF9BE2 /* EventAttendeeSliderCell.h */ = {isa = PBXFileReference; fileEncoding = 4; lastKnownFileType = sourcecode.c.h; path = EventAttendeeSliderCell.h; sourceTree = "<group>"; };
		06D5E5C41558FE4D00AF9BE2 /* EventAttendeeSliderCell.m */ = {isa = PBXFileReference; fileEncoding = 4; lastKnownFileType = sourcecode.c.objc; path = EventAttendeeSliderCell.m; sourceTree = "<group>"; };
		06EA767A1500924100A98687 /* icon.1.png */ = {isa = PBXFileReference; lastKnownFileType = image.png; path = icon.1.png; sourceTree = "<group>"; };
		06EA767C1500925400A98687 /* icon.1.@2.png */ = {isa = PBXFileReference; lastKnownFileType = image.png; path = "icon.1.@2.png"; sourceTree = "<group>"; };
		06EBAA5914FAFF1000D2C78B /* iTunesArtwork */ = {isa = PBXFileReference; lastKnownFileType = file; path = iTunesArtwork; sourceTree = "<group>"; };
		06ED3A5F14F779AB0078C900 /* 112-group@2x.png */ = {isa = PBXFileReference; lastKnownFileType = image.png; path = "112-group@2x.png"; sourceTree = "<group>"; };
		06ED3A6114F779BD0078C900 /* 20-gear@2x.png */ = {isa = PBXFileReference; lastKnownFileType = image.png; path = "20-gear@2x.png"; sourceTree = "<group>"; };
		06ED3A6514F78F100078C900 /* EventsVc.h */ = {isa = PBXFileReference; fileEncoding = 4; lastKnownFileType = sourcecode.c.h; path = EventsVc.h; sourceTree = "<group>"; };
		06ED3A6614F78F100078C900 /* EventsVc.m */ = {isa = PBXFileReference; fileEncoding = 4; lastKnownFileType = sourcecode.c.objc; path = EventsVc.m; sourceTree = "<group>"; };
		06ED3A6814F79CDC0078C900 /* 83-calendar.png */ = {isa = PBXFileReference; lastKnownFileType = image.png; path = "83-calendar.png"; sourceTree = "<group>"; };
		06ED3A6914F79CDC0078C900 /* 83-calendar@2x.png */ = {isa = PBXFileReference; lastKnownFileType = image.png; path = "83-calendar@2x.png"; sourceTree = "<group>"; };
		06F26F8314E77EED009121C1 /* GroupTableVc.h */ = {isa = PBXFileReference; fileEncoding = 4; lastKnownFileType = sourcecode.c.h; path = GroupTableVc.h; sourceTree = "<group>"; };
		06F26F8414E77EED009121C1 /* GroupTableVc.m */ = {isa = PBXFileReference; fileEncoding = 4; lastKnownFileType = sourcecode.c.objc; path = GroupTableVc.m; sourceTree = "<group>"; };
		06F26F8714E84B5C009121C1 /* FriendTableVc.h */ = {isa = PBXFileReference; fileEncoding = 4; lastKnownFileType = sourcecode.c.h; path = FriendTableVc.h; sourceTree = "<group>"; };
		06F26F8814E84B5C009121C1 /* FriendTableVc.m */ = {isa = PBXFileReference; fileEncoding = 4; lastKnownFileType = sourcecode.c.objc; path = FriendTableVc.m; sourceTree = "<group>"; };
		06F26F8A14E85956009121C1 /* MessageUI.framework */ = {isa = PBXFileReference; lastKnownFileType = wrapper.framework; name = MessageUI.framework; path = System/Library/Frameworks/MessageUI.framework; sourceTree = SDKROOT; };
		06FE547114F975D500C67057 /* FbContact.h */ = {isa = PBXFileReference; fileEncoding = 4; lastKnownFileType = sourcecode.c.h; path = FbContact.h; sourceTree = "<group>"; };
		06FE547214F975D500C67057 /* FbContact.m */ = {isa = PBXFileReference; fileEncoding = 4; lastKnownFileType = sourcecode.c.objc; path = FbContact.m; sourceTree = "<group>"; };
/* End PBXFileReference section */

/* Begin PBXFrameworksBuildPhase section */
		06788E6414E770AD007C5BE4 /* Frameworks */ = {
			isa = PBXFrameworksBuildPhase;
			buildActionMask = 2147483647;
			files = (
				06D0C0131543CDB900E7A0BB /* EventKit.framework in Frameworks */,
				064BD02B15047CDF00124A69 /* CoreData.framework in Frameworks */,
				06C9622914E877B30045F610 /* AddressBookUI.framework in Frameworks */,
				06C9622714E877AB0045F610 /* AddressBook.framework in Frameworks */,
				06F26F8B14E85956009121C1 /* MessageUI.framework in Frameworks */,
				06788E6C14E770AD007C5BE4 /* UIKit.framework in Frameworks */,
				06788E6E14E770AD007C5BE4 /* Foundation.framework in Frameworks */,
				06788E7014E770AD007C5BE4 /* CoreGraphics.framework in Frameworks */,
			);
			runOnlyForDeploymentPostprocessing = 0;
		};
		06788E9214E770AD007C5BE4 /* Frameworks */ = {
			isa = PBXFrameworksBuildPhase;
			buildActionMask = 2147483647;
			files = (
				06788E9814E770AD007C5BE4 /* SenTestingKit.framework in Frameworks */,
				06788E9914E770AD007C5BE4 /* UIKit.framework in Frameworks */,
				06788E9A14E770AD007C5BE4 /* Foundation.framework in Frameworks */,
			);
			runOnlyForDeploymentPostprocessing = 0;
		};
/* End PBXFrameworksBuildPhase section */

/* Begin PBXGroup section */
		060EBF7514F96A64004B4264 /* MPLib */ = {
			isa = PBXGroup;
			children = (
				060EBF7614F96A64004B4264 /* lib */,
				060EBF8114F96A64004B4264 /* MixpanelAPI.h */,
				060EBF8214F96A64004B4264 /* MixpanelAPI.m */,
				060EBF8314F96A64004B4264 /* MixpanelEvent.h */,
				060EBF8414F96A64004B4264 /* MixpanelEvent.m */,
			);
			path = MPLib;
			sourceTree = "<group>";
		};
		060EBF7614F96A64004B4264 /* lib */ = {
			isa = PBXGroup;
			children = (
				060EBF7714F96A64004B4264 /* JSON */,
				060EBF7E14F96A64004B4264 /* NSData_Base64 */,
			);
			path = lib;
			sourceTree = "<group>";
		};
		060EBF7714F96A64004B4264 /* JSON */ = {
			isa = PBXGroup;
			children = (
				060EBF7814F96A64004B4264 /* MPCJSONDataSerializer.h */,
				060EBF7914F96A64004B4264 /* MPCJSONDataSerializer.m */,
				060EBF7A14F96A64004B4264 /* MPCJSONSerializer.h */,
				060EBF7B14F96A64004B4264 /* MPCJSONSerializer.m */,
				060EBF7C14F96A64004B4264 /* MPCSerializedJSONData.h */,
				060EBF7D14F96A64004B4264 /* MPCSerializedJSONData.m */,
			);
			path = JSON;
			sourceTree = "<group>";
		};
		060EBF7E14F96A64004B4264 /* NSData_Base64 */ = {
			isa = PBXGroup;
			children = (
				060EBF7F14F96A64004B4264 /* NSData+MPBase64.h */,
				060EBF8014F96A64004B4264 /* NSData+MPBase64.m */,
			);
			path = NSData_Base64;
			sourceTree = "<group>";
		};
		064BCF2E15044B8700124A69 /* views */ = {
			isa = PBXGroup;
			children = (
				06A7E6D715042C6600CD5957 /* Intro */,
				06F26F8614E84B1C009121C1 /* Friend */,
				06ED3A6314F78ED60078C900 /* Event */,
				06ED3A6414F78EEF0078C900 /* Option */,
			);
			name = views;
			sourceTree = "<group>";
		};
		064BCF3C1504521500124A69 /* model */ = {
			isa = PBXGroup;
			children = (
				06981691150B39D1002A3BA4 /* Model.xcdatamodeld */,
				0669E77B150C93FF00595016 /* ModelAbkContactMatch.h */,
				0669E77C150C93FF00595016 /* ModelAbkContactMatch.m */,
				0669E778150C76D300595016 /* ModelGroup.h */,
				0669E779150C76D300595016 /* ModelGroup.m */,
				069816C8150B40BB002A3BA4 /* ModelTemplate.h */,
				069816C9150B40BB002A3BA4 /* ModelTemplate.m */,
				069816C2150B40BB002A3BA4 /* ModelFbList.h */,
				069816C3150B40BB002A3BA4 /* ModelFbList.m */,
				069816BF150B40BB002A3BA4 /* ModelFbGroup.h */,
				069816C0150B40BB002A3BA4 /* ModelFbGroup.m */,
				0669E775150C768700595016 /* ModelFbUser.h */,
				0669E776150C768700595016 /* ModelFbUser.m */,
				0669E772150C765300595016 /* ModelGroupUserEntry.h */,
				0669E773150C765300595016 /* ModelGroupUserEntry.m */,
			);
			name = model;
			sourceTree = "<group>";
		};
		0653A2B3150089FF008CB1F1 /* old_icons */ = {
			isa = PBXGroup;
			children = (
				06EA767A1500924100A98687 /* icon.1.png */,
				06EA767C1500925400A98687 /* icon.1.@2.png */,
				068AC37E1500890C00511CBA /* icon.2.png */,
				068AC37D1500890C00511CBA /* icon.2@2.png */,
				068AC37A150086E900511CBA /* icon.3.png */,
				068AC379150086E900511CBA /* icon.3@2.png */,
				0653A2BB15008D05008CB1F1 /* icon.5.png */,
				0653A2BA15008D05008CB1F1 /* icon.5@2.png */,
				0653A2BF15008E66008CB1F1 /* icon.6.png */,
				0653A2BE15008E65008CB1F1 /* icon.6@2.png */,
			);
			name = old_icons;
			sourceTree = "<group>";
		};
		06577D4014F0AC0400EA6180 /* Images-iOS */ = {
			isa = PBXGroup;
			children = (
				06D0C0181543D5DD00E7A0BB /* icon.png */,
				06D0C0191543D5DD00E7A0BB /* icon@2.png */,
				06D0C0141543D32F00E7A0BB /* Default@2x.png */,
				06D0C0151543D33000E7A0BB /* Default.png */,
				06EBAA5914FAFF1000D2C78B /* iTunesArtwork */,
				06D30E5514FAFB2200ED3254 /* Icon-small.png */,
				06D30E5314FAFB2200ED3254 /* Icon-small@2.png */,
				0653A2B3150089FF008CB1F1 /* old_icons */,
			);
			name = "Images-iOS";
			sourceTree = "<group>";
		};
		06577D4E14F0C05200EA6180 /* util */ = {
			isa = PBXGroup;
			children = (
				06577D4F14F0C08900EA6180 /* SimpleRequester.h */,
				06577D5014F0C08900EA6180 /* SimpleRequester.m */,
				067466B414FA0A0200A5119C /* Constants.h */,
				067466B514FA0A0200A5119C /* Constants.m */,
				069816A7150B3EC3002A3BA4 /* NSString+StringExtras.h */,
				069816A8150B3EC3002A3BA4 /* NSString+StringExtras.m */,
			);
			name = util;
			sourceTree = "<group>";
		};
		06788E5C14E770AC007C5BE4 = {
			isa = PBXGroup;
			children = (
				06788E7114E770AD007C5BE4 /* pspct */,
				06788E9D14E770AD007C5BE4 /* pspctTests */,
				06788E6A14E770AD007C5BE4 /* Frameworks */,
				06788E6814E770AD007C5BE4 /* Products */,
			);
			sourceTree = "<group>";
		};
		06788E6814E770AD007C5BE4 /* Products */ = {
			isa = PBXGroup;
			children = (
				06788E6714E770AD007C5BE4 /* On Time.app */,
				06788E9614E770AD007C5BE4 /* On TimeTests.octest */,
			);
			name = Products;
			sourceTree = "<group>";
		};
		06788E6A14E770AD007C5BE4 /* Frameworks */ = {
			isa = PBXGroup;
			children = (
				060EBF7514F96A64004B4264 /* MPLib */,
				06788EB114E77186007C5BE4 /* facebook-sdk */,
				064BD02A15047CDF00124A69 /* CoreData.framework */,
				06C9622814E877B30045F610 /* AddressBookUI.framework */,
				06C9622614E877AB0045F610 /* AddressBook.framework */,
				06F26F8A14E85956009121C1 /* MessageUI.framework */,
				06788E6B14E770AD007C5BE4 /* UIKit.framework */,
				06788E6D14E770AD007C5BE4 /* Foundation.framework */,
				06788E6F14E770AD007C5BE4 /* CoreGraphics.framework */,
				06D0C0121543CDB900E7A0BB /* EventKit.framework */,
				06788E9714E770AD007C5BE4 /* SenTestingKit.framework */,
			);
			name = Frameworks;
			sourceTree = "<group>";
		};
		06788E7114E770AD007C5BE4 /* pspct */ = {
			isa = PBXGroup;
			children = (
				06788E7A14E770AD007C5BE4 /* PspctAppDelegate.h */,
				06788E7B14E770AD007C5BE4 /* PspctAppDelegate.m */,
				06788E7D14E770AD007C5BE4 /* MainStoryboard_iPhone.storyboard */,
				06788E8014E770AD007C5BE4 /* MainStoryboard_iPad.storyboard */,
				06788E8A14E770AD007C5BE4 /* PspctSecondViewController.h */,
				06788E8B14E770AD007C5BE4 /* PspctSecondViewController.m */,
				06A7E6DA1504316800CD5957 /* PspctTabBarController.h */,
				06A7E6DB1504316800CD5957 /* PspctTabBarController.m */,
				064BCF2E15044B8700124A69 /* views */,
				064BCF3C1504521500124A69 /* model */,
				06577D4E14F0C05200EA6180 /* util */,
				06B2AE73154BDDCD00B36D7F /* Events */,
				068CC69E14F8CB8F0063BFC9 /* Contacts */,
				06788E7214E770AD007C5BE4 /* Supporting Files */,
			);
			path = pspct;
			sourceTree = "<group>";
		};
		06788E7214E770AD007C5BE4 /* Supporting Files */ = {
			isa = PBXGroup;
			children = (
				06A4C8D41554C47700231351 /* imapes-pspct-backgrounds */,
				06D30E5214FAF84B00ED3254 /* images-pspct */,
				06577D4014F0AC0400EA6180 /* Images-iOS */,
				06788E7314E770AD007C5BE4 /* On Time-Info.plist */,
				06788E7414E770AD007C5BE4 /* InfoPlist.strings */,
				06788E7714E770AD007C5BE4 /* main.m */,
				06788E7914E770AD007C5BE4 /* On Time-Prefix.pch */,
			);
			name = "Supporting Files";
			sourceTree = "<group>";
		};
		06788E9D14E770AD007C5BE4 /* pspctTests */ = {
			isa = PBXGroup;
			children = (
				06788EA314E770AD007C5BE4 /* pspctTests.h */,
				06788EA414E770AD007C5BE4 /* pspctTests.m */,
				06788E9E14E770AD007C5BE4 /* Supporting Files */,
			);
			path = pspctTests;
			sourceTree = "<group>";
		};
		06788E9E14E770AD007C5BE4 /* Supporting Files */ = {
			isa = PBXGroup;
			children = (
				06B2AE76154E3FFE00B36D7F /* eventprocessor.py */,
				06B2AE77154E3FFE00B36D7F /* eventtitles.keyed.json */,
				06B2AE78154E3FFE00B36D7F /* eventtitles.keyed.pretty */,
				06B2AE79154E3FFE00B36D7F /* unique_event_attendees.keyed.json */,
				06B2AE7A154E3FFE00B36D7F /* unique_event_attendees.keyed.pretty */,
				06B2AE74154BDE3900B36D7F /* unique_event_attendees.json */,
				064720AD154916A600C1EDC0 /* allcontacts.json */,
				064720AE154916A600C1EDC0 /* allevents.json */,
				06788E9F14E770AD007C5BE4 /* On TimeTests-Info.plist */,
				06788EA014E770AD007C5BE4 /* InfoPlist.strings */,
			);
			name = "Supporting Files";
			sourceTree = "<group>";
		};
		06788EB114E77186007C5BE4 /* facebook-sdk */ = {
			isa = PBXGroup;
			children = (
				06788EB214E77186007C5BE4 /* facebook-ios-sdk.xcodeproj */,
				06788EB514E77186007C5BE4 /* Facebook.h */,
				06788EB614E77186007C5BE4 /* Facebook.m */,
				06788EB714E77186007C5BE4 /* facebook_ios_sdk_Prefix.pch */,
				06788EB814E77186007C5BE4 /* FBConnect.h */,
				06788EB914E77186007C5BE4 /* FBDialog.bundle */,
				06788EBA14E77186007C5BE4 /* FBDialog.h */,
				06788EBB14E77186007C5BE4 /* FBDialog.m */,
				06788EBC14E77186007C5BE4 /* FBLoginDialog.h */,
				06788EBD14E77186007C5BE4 /* FBLoginDialog.m */,
				06788EBE14E77186007C5BE4 /* FBRequest.h */,
				06788EBF14E77186007C5BE4 /* FBRequest.m */,
				06788EC014E77186007C5BE4 /* JSON */,
			);
			name = "facebook-sdk";
			path = src;
			sourceTree = "<group>";
		};
		06788EB314E77186007C5BE4 /* Products */ = {
			isa = PBXGroup;
			children = (
				06788EDE14E77186007C5BE4 /* libfacebook_ios_sdk.a */,
			);
			name = Products;
			sourceTree = "<group>";
		};
		06788EC014E77186007C5BE4 /* JSON */ = {
			isa = PBXGroup;
			children = (
				06788EC114E77186007C5BE4 /* JSON.h */,
				06788EC214E77186007C5BE4 /* NSObject+SBJSON.h */,
				06788EC314E77186007C5BE4 /* NSObject+SBJSON.m */,
				06788EC414E77186007C5BE4 /* NSString+SBJSON.h */,
				06788EC514E77186007C5BE4 /* NSString+SBJSON.m */,
				06788EC614E77186007C5BE4 /* SBJSON.h */,
				06788EC714E77186007C5BE4 /* SBJSON.m */,
				06788EC814E77186007C5BE4 /* SBJsonBase.h */,
				06788EC914E77186007C5BE4 /* SBJsonBase.m */,
				06788ECA14E77186007C5BE4 /* SBJsonParser.h */,
				06788ECB14E77186007C5BE4 /* SBJsonParser.m */,
				06788ECC14E77186007C5BE4 /* SBJsonWriter.h */,
				06788ECD14E77186007C5BE4 /* SBJsonWriter.m */,
			);
			path = JSON;
			sourceTree = "<group>";
		};
		068CC69E14F8CB8F0063BFC9 /* Contacts */ = {
			isa = PBXGroup;
			children = (
				06A4C8D31554C16B00231351 /* Providers */,
				06B2AE6C154BD6E200B36D7F /* Scanners */,
				068CC6A014F8CBAE0063BFC9 /* AbContact.h */,
				068CC6A114F8CBAE0063BFC9 /* AbContact.m */,
				06FE547114F975D500C67057 /* FbContact.h */,
				06FE547214F975D500C67057 /* FbContact.m */,
			);
			name = Contacts;
			sourceTree = "<group>";
		};
		06A4C8D31554C16B00231351 /* Providers */ = {
			isa = PBXGroup;
			children = (
				06B2AE70154BD9ED00B36D7F /* ContactProviderLocal.h */,
				06B2AE71154BD9ED00B36D7F /* ContactProviderLocal.m */,
				06C9622314E876FE0045F610 /* ContactProviderAb.h */,
				06C9622414E876FE0045F610 /* ContactProviderAb.m */,
				06B2AE86154E651A00B36D7F /* ContactProvider.h */,
				06B2AE87154E651A00B36D7F /* ContactProvider.m */,
			);
			name = Providers;
			sourceTree = "<group>";
		};
		06A4C8D41554C47700231351 /* imapes-pspct-backgrounds */ = {
			isa = PBXGroup;
			children = (
				06A4C8D61554C8FE00231351 /* bgClouds.png */,
				06A4C8D91554C8FE00231351 /* bgClouds@2.png */,
				06A4C8D51554C8FE00231351 /* Clouds-320x367.png */,
				06A4C8D71554C8FE00231351 /* Clouds-640x734.png */,
				06A4C8D81554C8FE00231351 /* Clouds-640x867.png */,
			);
			name = "imapes-pspct-backgrounds";
			sourceTree = "<group>";
		};
		06A7E6D715042C6600CD5957 /* Intro */ = {
			isa = PBXGroup;
			children = (
				06A7E76B1504353700CD5957 /* IntroVc.h */,
				06A7E76C1504353700CD5957 /* IntroVc.m */,
				06A7E76D1504353700CD5957 /* IntroVc.xib */,
			);
			name = Intro;
			sourceTree = "<group>";
		};
		06B2AE6C154BD6E200B36D7F /* Scanners */ = {
			isa = PBXGroup;
			children = (
				06B2AE83154E626C00B36D7F /* ContactTextParser.h */,
				06B2AE84154E626C00B36D7F /* ContactTextParser.m */,
				06B2AE80154E532B00B36D7F /* FullNameParser.h */,
				06B2AE81154E532B00B36D7F /* FullNameParser.m */,
				06B2AE6D154BD70900B36D7F /* ContactSearcher.h */,
				06B2AE6E154BD70900B36D7F /* ContactSearcher.m */,
			);
			name = Scanners;
			sourceTree = "<group>";
		};
		06B2AE73154BDDCD00B36D7F /* Events */ = {
			isa = PBXGroup;
			children = (
				06D0C00F1543CD4200E7A0BB /* EventAccessor.h */,
				06D0C0101543CD4200E7A0BB /* EventAccessor.m */,
			);
			name = Events;
			sourceTree = "<group>";
		};
		06D30E5214FAF84B00ED3254 /* images-pspct */ = {
			isa = PBXGroup;
			children = (
				066125AE14F777EB00A3C44D /* 18_envelope_white@2x.png */,
				066125AA14F7763E00A3C44D /* 18_envelope_white.png */,
				066125A614F775E300A3C44D /* 18_envelope.png */,
				066125A714F775E300A3C44D /* 18_envelope@2x.png */,
				06577D4314F0AC1200EA6180 /* 20-gear.png */,
				06ED3A6114F779BD0078C900 /* 20-gear@2x.png */,
				06ED3A6814F79CDC0078C900 /* 83-calendar.png */,
				06ED3A6914F79CDC0078C900 /* 83-calendar@2x.png */,
				06577D4114F0AC1200EA6180 /* 112-group.png */,
				06ED3A5F14F779AB0078C900 /* 112-group@2x.png */,
				067466B714FA23F200A5119C /* 184-warning.png */,
				067466B814FA23F200A5119C /* 184-warning@2x.png */,
				067466BB14FA242500A5119C /* 286-speechbubble.png */,
				067466BC14FA242500A5119C /* 286-speechbubble@2x.png */,
				067466BF14FA247400A5119C /* 286-speechbubble-white.png */,
				067466C014FA247400A5119C /* 286-speechbubble-white@2x.png */,
			);
			name = "images-pspct";
			sourceTree = "<group>";
		};
		06ED3A6314F78ED60078C900 /* Event */ = {
			isa = PBXGroup;
			children = (
				06ED3A6514F78F100078C900 /* EventsVc.h */,
				06ED3A6614F78F100078C900 /* EventsVc.m */,
				06A4C8DF1554EE4100231351 /* EventTableCell.h */,
				06A4C8E01554EE4100231351 /* EventTableCell.m */,
				06658E981546607E003CD3D1 /* EventAttendeesVc.h */,
				06658E991546607E003CD3D1 /* EventAttendeesVc.m */,
				06A4C8E315551BC900231351 /* EventNavigationItem.h */,
				06A4C8E415551BC900231351 /* EventNavigationItem.m */,
				06D5E5C31558FE4D00AF9BE2 /* EventAttendeeSliderCell.h */,
				06D5E5C41558FE4D00AF9BE2 /* EventAttendeeSliderCell.m */,
			);
			name = Event;
			sourceTree = "<group>";
		};
		06ED3A6414F78EEF0078C900 /* Option */ = {
			isa = PBXGroup;
			children = (
				06291B7814F3659D000BB1D9 /* OptionsVc.h */,
				06291B7914F3659D000BB1D9 /* OptionsVc.m */,
			);
			name = Option;
			sourceTree = "<group>";
		};
		06F26F8614E84B1C009121C1 /* Friend */ = {
			isa = PBXGroup;
			children = (
				06F26F8714E84B5C009121C1 /* FriendTableVc.h */,
				06F26F8314E77EED009121C1 /* GroupTableVc.h */,
				06577D4B14F0B60D00EA6180 /* TemplateTableVc.h */,
				06F26F8814E84B5C009121C1 /* FriendTableVc.m */,
				06F26F8414E77EED009121C1 /* GroupTableVc.m */,
				06577D4C14F0B60D00EA6180 /* TemplateTableVc.m */,
			);
			name = Friend;
			sourceTree = "<group>";
		};
/* End PBXGroup section */

/* Begin PBXNativeTarget section */
		06788E6614E770AD007C5BE4 /* On Time */ = {
			isa = PBXNativeTarget;
			buildConfigurationList = 06788EA814E770AD007C5BE4 /* Build configuration list for PBXNativeTarget "On Time" */;
			buildPhases = (
				06788E6314E770AD007C5BE4 /* Sources */,
				06788E6414E770AD007C5BE4 /* Frameworks */,
				06788E6514E770AD007C5BE4 /* Resources */,
			);
			buildRules = (
			);
			dependencies = (
			);
			name = "On Time";
			productName = pspct;
			productReference = 06788E6714E770AD007C5BE4 /* On Time.app */;
			productType = "com.apple.product-type.application";
		};
		06788E9514E770AD007C5BE4 /* On TimeTests */ = {
			isa = PBXNativeTarget;
			buildConfigurationList = 06788EAB14E770AD007C5BE4 /* Build configuration list for PBXNativeTarget "On TimeTests" */;
			buildPhases = (
				06788E9114E770AD007C5BE4 /* Sources */,
				06788E9214E770AD007C5BE4 /* Frameworks */,
				06788E9314E770AD007C5BE4 /* Resources */,
				06788E9414E770AD007C5BE4 /* ShellScript */,
			);
			buildRules = (
			);
			dependencies = (
				06788E9C14E770AD007C5BE4 /* PBXTargetDependency */,
			);
			name = "On TimeTests";
			productName = pspctTests;
			productReference = 06788E9614E770AD007C5BE4 /* On TimeTests.octest */;
			productType = "com.apple.product-type.bundle";
		};
/* End PBXNativeTarget section */

/* Begin PBXProject section */
		06788E5E14E770AC007C5BE4 /* Project object */ = {
			isa = PBXProject;
			attributes = {
				LastUpgradeCheck = 0420;
			};
			buildConfigurationList = 06788E6114E770AC007C5BE4 /* Build configuration list for PBXProject "On Time" */;
			compatibilityVersion = "Xcode 3.2";
			developmentRegion = English;
			hasScannedForEncodings = 0;
			knownRegions = (
				en,
			);
			mainGroup = 06788E5C14E770AC007C5BE4;
			productRefGroup = 06788E6814E770AD007C5BE4 /* Products */;
			projectDirPath = "";
			projectReferences = (
				{
					ProductGroup = 06788EB314E77186007C5BE4 /* Products */;
					ProjectRef = 06788EB214E77186007C5BE4 /* facebook-ios-sdk.xcodeproj */;
				},
			);
			projectRoot = "";
			targets = (
				06788E6614E770AD007C5BE4 /* On Time */,
				06788E9514E770AD007C5BE4 /* On TimeTests */,
			);
		};
/* End PBXProject section */

/* Begin PBXReferenceProxy section */
		06788EDE14E77186007C5BE4 /* libfacebook_ios_sdk.a */ = {
			isa = PBXReferenceProxy;
			fileType = archive.ar;
			path = libfacebook_ios_sdk.a;
			remoteRef = 06788EDD14E77186007C5BE4 /* PBXContainerItemProxy */;
			sourceTree = BUILT_PRODUCTS_DIR;
		};
/* End PBXReferenceProxy section */

/* Begin PBXResourcesBuildPhase section */
		06788E6514E770AD007C5BE4 /* Resources */ = {
			isa = PBXResourcesBuildPhase;
			buildActionMask = 2147483647;
			files = (
				06788E7614E770AD007C5BE4 /* InfoPlist.strings in Resources */,
				06788E7F14E770AD007C5BE4 /* MainStoryboard_iPhone.storyboard in Resources */,
				06788E8214E770AD007C5BE4 /* MainStoryboard_iPad.storyboard in Resources */,
				06788ED214E77186007C5BE4 /* FBDialog.bundle in Resources */,
				06577D4614F0AC1200EA6180 /* 112-group.png in Resources */,
				06577D4814F0AC1200EA6180 /* 20-gear.png in Resources */,
				066125A814F775E300A3C44D /* 18_envelope.png in Resources */,
				066125A914F775E300A3C44D /* 18_envelope@2x.png in Resources */,
				066125AC14F7763E00A3C44D /* 18_envelope_white.png in Resources */,
				066125AF14F777EB00A3C44D /* 18_envelope_white@2x.png in Resources */,
				06ED3A6014F779AB0078C900 /* 112-group@2x.png in Resources */,
				06ED3A6214F779BD0078C900 /* 20-gear@2x.png in Resources */,
				06ED3A6A14F79CDC0078C900 /* 83-calendar.png in Resources */,
				06ED3A6B14F79CDC0078C900 /* 83-calendar@2x.png in Resources */,
				067466B914FA23F200A5119C /* 184-warning.png in Resources */,
				067466BA14FA23F200A5119C /* 184-warning@2x.png in Resources */,
				067466BD14FA242500A5119C /* 286-speechbubble.png in Resources */,
				067466BE14FA242500A5119C /* 286-speechbubble@2x.png in Resources */,
				067466C114FA247400A5119C /* 286-speechbubble-white.png in Resources */,
				067466C214FA247400A5119C /* 286-speechbubble-white@2x.png in Resources */,
				06D30E5614FAFB2200ED3254 /* Icon-small@2.png in Resources */,
				06D30E5814FAFB2200ED3254 /* Icon-small.png in Resources */,
				06EBAA5A14FAFF1100D2C78B /* iTunesArtwork in Resources */,
				068AC37B150086E900511CBA /* icon.3@2.png in Resources */,
				068AC37C150086E900511CBA /* icon.3.png in Resources */,
				068AC37F1500890C00511CBA /* icon.2@2.png in Resources */,
				068AC3801500890C00511CBA /* icon.2.png in Resources */,
				0653A2BC15008D06008CB1F1 /* icon.5@2.png in Resources */,
				0653A2BD15008D06008CB1F1 /* icon.5.png in Resources */,
				0653A2C015008E66008CB1F1 /* icon.6@2.png in Resources */,
				0653A2C115008E66008CB1F1 /* icon.6.png in Resources */,
				06EA767B1500924100A98687 /* icon.1.png in Resources */,
				06EA767D1500925400A98687 /* icon.1.@2.png in Resources */,
				06A7E76F1504353700CD5957 /* IntroVc.xib in Resources */,
				06D0C0161543D33000E7A0BB /* Default@2x.png in Resources */,
				06D0C0171543D33000E7A0BB /* Default.png in Resources */,
				06D0C01A1543D5DD00E7A0BB /* icon.png in Resources */,
				06D0C01B1543D5DD00E7A0BB /* icon@2.png in Resources */,
				064720AF154916A600C1EDC0 /* allcontacts.json in Resources */,
				064720B0154916A600C1EDC0 /* allevents.json in Resources */,
				06B2AE75154BDE3900B36D7F /* unique_event_attendees.json in Resources */,
				06B2AE7B154E3FFE00B36D7F /* eventprocessor.py in Resources */,
				06B2AE7C154E3FFE00B36D7F /* eventtitles.keyed.json in Resources */,
				06B2AE7D154E3FFE00B36D7F /* eventtitles.keyed.pretty in Resources */,
				06B2AE7E154E3FFE00B36D7F /* unique_event_attendees.keyed.json in Resources */,
				06B2AE7F154E3FFE00B36D7F /* unique_event_attendees.keyed.pretty in Resources */,
				06A4C8DA1554C8FE00231351 /* Clouds-320x367.png in Resources */,
				06A4C8DB1554C8FE00231351 /* bgClouds.png in Resources */,
				06A4C8DC1554C8FE00231351 /* Clouds-640x734.png in Resources */,
				06A4C8DD1554C8FE00231351 /* Clouds-640x867.png in Resources */,
				06A4C8DE1554C8FE00231351 /* bgClouds@2.png in Resources */,
			);
			runOnlyForDeploymentPostprocessing = 0;
		};
		06788E9314E770AD007C5BE4 /* Resources */ = {
			isa = PBXResourcesBuildPhase;
			buildActionMask = 2147483647;
			files = (
				06788EA214E770AD007C5BE4 /* InfoPlist.strings in Resources */,
			);
			runOnlyForDeploymentPostprocessing = 0;
		};
/* End PBXResourcesBuildPhase section */

/* Begin PBXShellScriptBuildPhase section */
		06788E9414E770AD007C5BE4 /* ShellScript */ = {
			isa = PBXShellScriptBuildPhase;
			buildActionMask = 2147483647;
			files = (
			);
			inputPaths = (
			);
			outputPaths = (
			);
			runOnlyForDeploymentPostprocessing = 0;
			shellPath = /bin/sh;
			shellScript = "# Run the unit tests in this test bundle.\n\"${SYSTEM_DEVELOPER_DIR}/Tools/RunUnitTests\"\n";
		};
/* End PBXShellScriptBuildPhase section */

/* Begin PBXSourcesBuildPhase section */
		06788E6314E770AD007C5BE4 /* Sources */ = {
			isa = PBXSourcesBuildPhase;
			buildActionMask = 2147483647;
			files = (
				06788E7814E770AD007C5BE4 /* main.m in Sources */,
				06788E7C14E770AD007C5BE4 /* PspctAppDelegate.m in Sources */,
				06788E8C14E770AD007C5BE4 /* PspctSecondViewController.m in Sources */,
				06788ED114E77186007C5BE4 /* Facebook.m in Sources */,
				06788ED314E77186007C5BE4 /* FBDialog.m in Sources */,
				06788ED414E77186007C5BE4 /* FBLoginDialog.m in Sources */,
				06788ED514E77186007C5BE4 /* FBRequest.m in Sources */,
				06788ED614E77186007C5BE4 /* NSObject+SBJSON.m in Sources */,
				06788ED714E77186007C5BE4 /* NSString+SBJSON.m in Sources */,
				06788ED814E77186007C5BE4 /* SBJSON.m in Sources */,
				06788ED914E77186007C5BE4 /* SBJsonBase.m in Sources */,
				06788EDA14E77186007C5BE4 /* SBJsonParser.m in Sources */,
				06788EDB14E77186007C5BE4 /* SBJsonWriter.m in Sources */,
				06F26F8514E77EED009121C1 /* GroupTableVc.m in Sources */,
				06F26F8914E84B5C009121C1 /* FriendTableVc.m in Sources */,
				06C9622514E876FF0045F610 /* ContactProviderAb.m in Sources */,
				06577D4D14F0B60D00EA6180 /* TemplateTableVc.m in Sources */,
				06577D5114F0C08900EA6180 /* SimpleRequester.m in Sources */,
				06291B7A14F3659D000BB1D9 /* OptionsVc.m in Sources */,
				06ED3A6714F78F100078C900 /* EventsVc.m in Sources */,
				068CC6A214F8CBAE0063BFC9 /* AbContact.m in Sources */,
				060EBF8514F96A64004B4264 /* MPCJSONDataSerializer.m in Sources */,
				060EBF8614F96A64004B4264 /* MPCJSONSerializer.m in Sources */,
				060EBF8714F96A64004B4264 /* MPCSerializedJSONData.m in Sources */,
				060EBF8814F96A64004B4264 /* NSData+MPBase64.m in Sources */,
				060EBF8914F96A64004B4264 /* MixpanelAPI.m in Sources */,
				060EBF8A14F96A64004B4264 /* MixpanelEvent.m in Sources */,
				06FE547314F975D500C67057 /* FbContact.m in Sources */,
				067466B614FA0A0200A5119C /* Constants.m in Sources */,
				06A7E6DC1504316800CD5957 /* PspctTabBarController.m in Sources */,
				06A7E76E1504353700CD5957 /* IntroVc.m in Sources */,
				06981694150B39D1002A3BA4 /* Model.xcdatamodeld in Sources */,
				069816A9150B3EC3002A3BA4 /* NSString+StringExtras.m in Sources */,
				069816C1150B40BB002A3BA4 /* ModelFbGroup.m in Sources */,
				069816C4150B40BB002A3BA4 /* ModelFbList.m in Sources */,
				069816CA150B40BB002A3BA4 /* ModelTemplate.m in Sources */,
				0669E774150C765300595016 /* ModelGroupUserEntry.m in Sources */,
				0669E777150C768700595016 /* ModelFbUser.m in Sources */,
				0669E77A150C76D400595016 /* ModelGroup.m in Sources */,
				0669E77D150C93FF00595016 /* ModelAbkContactMatch.m in Sources */,
				06D0C0111543CD4300E7A0BB /* EventAccessor.m in Sources */,
				06658E9A1546607E003CD3D1 /* EventAttendeesVc.m in Sources */,
				06B2AE6F154BD70900B36D7F /* ContactSearcher.m in Sources */,
				06B2AE72154BD9ED00B36D7F /* ContactProviderLocal.m in Sources */,
				06B2AE82154E532B00B36D7F /* FullNameParser.m in Sources */,
				06B2AE85154E626C00B36D7F /* ContactTextParser.m in Sources */,
				06B2AE88154E651B00B36D7F /* ContactProvider.m in Sources */,
				06A4C8E11554EE4100231351 /* EventTableCell.m in Sources */,
				06A4C8E515551BCA00231351 /* EventNavigationItem.m in Sources */,
				06D5E5C51558FE4D00AF9BE2 /* EventAttendeeSliderCell.m in Sources */,
			);
			runOnlyForDeploymentPostprocessing = 0;
		};
		06788E9114E770AD007C5BE4 /* Sources */ = {
			isa = PBXSourcesBuildPhase;
			buildActionMask = 2147483647;
			files = (
				06788EA514E770AD007C5BE4 /* pspctTests.m in Sources */,
			);
			runOnlyForDeploymentPostprocessing = 0;
		};
/* End PBXSourcesBuildPhase section */

/* Begin PBXTargetDependency section */
		06788E9C14E770AD007C5BE4 /* PBXTargetDependency */ = {
			isa = PBXTargetDependency;
			target = 06788E6614E770AD007C5BE4 /* On Time */;
			targetProxy = 06788E9B14E770AD007C5BE4 /* PBXContainerItemProxy */;
		};
/* End PBXTargetDependency section */

/* Begin PBXVariantGroup section */
		06788E7414E770AD007C5BE4 /* InfoPlist.strings */ = {
			isa = PBXVariantGroup;
			children = (
				06788E7514E770AD007C5BE4 /* en */,
			);
			name = InfoPlist.strings;
			sourceTree = "<group>";
		};
		06788E7D14E770AD007C5BE4 /* MainStoryboard_iPhone.storyboard */ = {
			isa = PBXVariantGroup;
			children = (
				06788E7E14E770AD007C5BE4 /* en */,
			);
			name = MainStoryboard_iPhone.storyboard;
			sourceTree = "<group>";
		};
		06788E8014E770AD007C5BE4 /* MainStoryboard_iPad.storyboard */ = {
			isa = PBXVariantGroup;
			children = (
				06788E8114E770AD007C5BE4 /* en */,
			);
			name = MainStoryboard_iPad.storyboard;
			sourceTree = "<group>";
		};
		06788EA014E770AD007C5BE4 /* InfoPlist.strings */ = {
			isa = PBXVariantGroup;
			children = (
				06788EA114E770AD007C5BE4 /* en */,
			);
			name = InfoPlist.strings;
			sourceTree = "<group>";
		};
/* End PBXVariantGroup section */

/* Begin XCBuildConfiguration section */
		06788EA614E770AD007C5BE4 /* Debug */ = {
			isa = XCBuildConfiguration;
			buildSettings = {
				ALWAYS_SEARCH_USER_PATHS = NO;
				ARCHS = "$(ARCHS_STANDARD_32_BIT)";
				CLANG_ENABLE_OBJC_ARC = YES;
				"CODE_SIGN_IDENTITY[sdk=iphoneos*]" = "iPhone Developer";
				COPY_PHASE_STRIP = NO;
				GCC_C_LANGUAGE_STANDARD = gnu99;
				GCC_DYNAMIC_NO_PIC = NO;
				GCC_OPTIMIZATION_LEVEL = 0;
				GCC_PREPROCESSOR_DEFINITIONS = (
					"DEBUG=1",
					"$(inherited)",
				);
				GCC_SYMBOLS_PRIVATE_EXTERN = NO;
				GCC_VERSION = com.apple.compilers.llvm.clang.1_0;
				GCC_WARN_ABOUT_MISSING_PROTOTYPES = YES;
				GCC_WARN_ABOUT_RETURN_TYPE = YES;
				GCC_WARN_UNUSED_VARIABLE = YES;
				IPHONEOS_DEPLOYMENT_TARGET = 5.0;
				SDKROOT = iphoneos;
				TARGETED_DEVICE_FAMILY = "1,2";
			};
			name = Debug;
		};
		06788EA714E770AD007C5BE4 /* Release */ = {
			isa = XCBuildConfiguration;
			buildSettings = {
				ALWAYS_SEARCH_USER_PATHS = NO;
				ARCHS = "$(ARCHS_STANDARD_32_BIT)";
				CLANG_ENABLE_OBJC_ARC = YES;
				"CODE_SIGN_IDENTITY[sdk=iphoneos*]" = "iPhone Developer";
				COPY_PHASE_STRIP = YES;
				GCC_C_LANGUAGE_STANDARD = gnu99;
				GCC_VERSION = com.apple.compilers.llvm.clang.1_0;
				GCC_WARN_ABOUT_MISSING_PROTOTYPES = YES;
				GCC_WARN_ABOUT_RETURN_TYPE = YES;
				GCC_WARN_UNUSED_VARIABLE = YES;
				IPHONEOS_DEPLOYMENT_TARGET = 5.0;
				OTHER_CFLAGS = "-DNS_BLOCK_ASSERTIONS=1";
				SDKROOT = iphoneos;
				TARGETED_DEVICE_FAMILY = "1,2";
				VALIDATE_PRODUCT = YES;
			};
			name = Release;
		};
		06788EA914E770AD007C5BE4 /* Debug */ = {
			isa = XCBuildConfiguration;
			buildSettings = {
				COMPRESS_PNG_FILES = NO;
				GCC_PRECOMPILE_PREFIX_HEADER = YES;
				GCC_PREFIX_HEADER = "pspct/On Time-Prefix.pch";
				INFOPLIST_FILE = "pspct/On Time-Info.plist";
				IPHONEOS_DEPLOYMENT_TARGET = 5.0;
				PRODUCT_NAME = "On Time";
				TARGETED_DEVICE_FAMILY = 1;
				WRAPPER_EXTENSION = app;
			};
			name = Debug;
		};
		06788EAA14E770AD007C5BE4 /* Release */ = {
			isa = XCBuildConfiguration;
			buildSettings = {
				COMPRESS_PNG_FILES = NO;
				GCC_PRECOMPILE_PREFIX_HEADER = YES;
				GCC_PREFIX_HEADER = "pspct/On Time-Prefix.pch";
				INFOPLIST_FILE = "pspct/On Time-Info.plist";
				IPHONEOS_DEPLOYMENT_TARGET = 5.0;
				PRODUCT_NAME = "On Time";
				TARGETED_DEVICE_FAMILY = 1;
				WRAPPER_EXTENSION = app;
			};
			name = Release;
		};
		06788EAC14E770AD007C5BE4 /* Debug */ = {
			isa = XCBuildConfiguration;
			buildSettings = {
				BUNDLE_LOADER = "$(BUILT_PRODUCTS_DIR)/perspect calendar.app/perspect calendar";
				FRAMEWORK_SEARCH_PATHS = (
					"$(SDKROOT)/Developer/Library/Frameworks",
					"$(DEVELOPER_LIBRARY_DIR)/Frameworks",
				);
				GCC_PRECOMPILE_PREFIX_HEADER = YES;
				GCC_PREFIX_HEADER = "pspct/perspect calendar-Prefix.pch";
				INFOPLIST_FILE = "pspctTests/On TimeTests-Info.plist";
				PRODUCT_NAME = "On TimeTests";
				TEST_HOST = "$(BUNDLE_LOADER)";
				WRAPPER_EXTENSION = octest;
			};
			name = Debug;
		};
		06788EAD14E770AD007C5BE4 /* Release */ = {
			isa = XCBuildConfiguration;
			buildSettings = {
				BUNDLE_LOADER = "$(BUILT_PRODUCTS_DIR)/perspect calendar.app/perspect calendar";
				FRAMEWORK_SEARCH_PATHS = (
					"$(SDKROOT)/Developer/Library/Frameworks",
					"$(DEVELOPER_LIBRARY_DIR)/Frameworks",
				);
				GCC_PRECOMPILE_PREFIX_HEADER = YES;
				GCC_PREFIX_HEADER = "pspct/perspect calendar-Prefix.pch";
				INFOPLIST_FILE = "pspctTests/On TimeTests-Info.plist";
				PRODUCT_NAME = "On TimeTests";
				TEST_HOST = "$(BUNDLE_LOADER)";
				WRAPPER_EXTENSION = octest;
			};
			name = Release;
		};
/* End XCBuildConfiguration section */

/* Begin XCConfigurationList section */
		06788E6114E770AC007C5BE4 /* Build configuration list for PBXProject "On Time" */ = {
			isa = XCConfigurationList;
			buildConfigurations = (
				06788EA614E770AD007C5BE4 /* Debug */,
				06788EA714E770AD007C5BE4 /* Release */,
			);
			defaultConfigurationIsVisible = 0;
			defaultConfigurationName = Release;
		};
		06788EA814E770AD007C5BE4 /* Build configuration list for PBXNativeTarget "On Time" */ = {
			isa = XCConfigurationList;
			buildConfigurations = (
				06788EA914E770AD007C5BE4 /* Debug */,
				06788EAA14E770AD007C5BE4 /* Release */,
			);
			defaultConfigurationIsVisible = 0;
			defaultConfigurationName = Release;
		};
		06788EAB14E770AD007C5BE4 /* Build configuration list for PBXNativeTarget "On TimeTests" */ = {
			isa = XCConfigurationList;
			buildConfigurations = (
				06788EAC14E770AD007C5BE4 /* Debug */,
				06788EAD14E770AD007C5BE4 /* Release */,
			);
			defaultConfigurationIsVisible = 0;
			defaultConfigurationName = Release;
		};
/* End XCConfigurationList section */

/* Begin XCVersionGroup section */
		06981691150B39D1002A3BA4 /* Model.xcdatamodeld */ = {
			isa = XCVersionGroup;
			children = (
				06981692150B39D1002A3BA4 /* v1.xcdatamodel */,
				06981693150B39D1002A3BA4 /* v2.xcdatamodel */,
			);
			currentVersion = 06981693150B39D1002A3BA4 /* v2.xcdatamodel */;
			name = Model.xcdatamodeld;
			path = ../Model.xcdatamodeld;
			sourceTree = "<group>";
			versionGroupType = wrapper.xcdatamodel;
		};
/* End XCVersionGroup section */
	};
	rootObject = 06788E5E14E770AC007C5BE4 /* Project object */;
}
